// !$*UTF8*$!
{
	archiveVersion = 1;
	classes = {
	};
	objectVersion = 46;
	objects = {

/* Begin PBXBuildFile section */
		2AE777A01A2D4E5B00BA926D /* startPageViewController.m in Sources */ = {isa = PBXBuildFile; fileRef = 2AE7779F1A2D4E5B00BA926D /* startPageViewController.m */; };
		2AE777A31A2D4E6F00BA926D /* homePageViewController.m in Sources */ = {isa = PBXBuildFile; fileRef = 2AE777A21A2D4E6F00BA926D /* homePageViewController.m */; };
		2AE777A81A2D4EC200BA926D /* image.jpg in Resources */ = {isa = PBXBuildFile; fileRef = 2AE777A41A2D4EC200BA926D /* image.jpg */; };
		2AE777A91A2D4EC200BA926D /* logo.jpg in Resources */ = {isa = PBXBuildFile; fileRef = 2AE777A51A2D4EC200BA926D /* logo.jpg */; };
		2AE777AA1A2D4EC200BA926D /* MercedesLogo.png in Resources */ = {isa = PBXBuildFile; fileRef = 2AE777A61A2D4EC200BA926D /* MercedesLogo.png */; };
		2AE777AB1A2D4EC200BA926D /* startBG.png in Resources */ = {isa = PBXBuildFile; fileRef = 2AE777A71A2D4EC200BA926D /* startBG.png */; };
		B64620D01A2C432400523159 /* HomeViewController.m in Sources */ = {isa = PBXBuildFile; fileRef = B64620CF1A2C432400523159 /* HomeViewController.m */; };
		B64620D31A2C479000523159 /* logo-tagline-white.png in Resources */ = {isa = PBXBuildFile; fileRef = B64620D21A2C479000523159 /* logo-tagline-white.png */; };
		B64620DD1A2C4EF700523159 /* launch.jpg in Resources */ = {isa = PBXBuildFile; fileRef = B64620DC1A2C4EF700523159 /* launch.jpg */; };
		B64620E11A2C5B1700523159 /* nav.png in Resources */ = {isa = PBXBuildFile; fileRef = B64620E01A2C5B1700523159 /* nav.png */; };
		B64620E31A2C5C4B00523159 /* pre-owned-special.jpeg in Resources */ = {isa = PBXBuildFile; fileRef = B64620E21A2C5C4B00523159 /* pre-owned-special.jpeg */; };
		B646211C1A2D9C2300523159 /* montage1.png in Resources */ = {isa = PBXBuildFile; fileRef = B646211B1A2D9C2300523159 /* montage1.png */; };
		B646211E1A2DA9AA00523159 /* facebook-login.png in Resources */ = {isa = PBXBuildFile; fileRef = B646211D1A2DA9AA00523159 /* facebook-login.png */; };
		B64621201A2DA9AD00523159 /* google-login.png in Resources */ = {isa = PBXBuildFile; fileRef = B646211F1A2DA9AD00523159 /* google-login.png */; };
		B64621221A2DB12F00523159 /* montage.png in Resources */ = {isa = PBXBuildFile; fileRef = B64621211A2DB12F00523159 /* montage.png */; };
		B673C8731A294BFA00D3D55F /* main.m in Sources */ = {isa = PBXBuildFile; fileRef = B673C8721A294BFA00D3D55F /* main.m */; };
		B673C8761A294BFA00D3D55F /* AppDelegate.m in Sources */ = {isa = PBXBuildFile; fileRef = B673C8751A294BFA00D3D55F /* AppDelegate.m */; };
		B673C87C1A294BFA00D3D55F /* Main.storyboard in Resources */ = {isa = PBXBuildFile; fileRef = B673C87A1A294BFA00D3D55F /* Main.storyboard */; };
		B673C87E1A294BFA00D3D55F /* Images.xcassets in Resources */ = {isa = PBXBuildFile; fileRef = B673C87D1A294BFA00D3D55F /* Images.xcassets */; };
		B673C8811A294BFA00D3D55F /* LaunchScreen.xib in Resources */ = {isa = PBXBuildFile; fileRef = B673C87F1A294BFA00D3D55F /* LaunchScreen.xib */; };
		B673C88D1A294BFA00D3D55F /* Mercedes_Benz_of_ColumbusTests.m in Sources */ = {isa = PBXBuildFile; fileRef = B673C88C1A294BFA00D3D55F /* Mercedes_Benz_of_ColumbusTests.m */; };
/* End PBXBuildFile section */

/* Begin PBXContainerItemProxy section */
		B673C8871A294BFA00D3D55F /* PBXContainerItemProxy */ = {
			isa = PBXContainerItemProxy;
			containerPortal = B673C8651A294BFA00D3D55F /* Project object */;
			proxyType = 1;
			remoteGlobalIDString = B673C86C1A294BFA00D3D55F;
			remoteInfo = "Mercedes-Benz of Columbus";
		};
/* End PBXContainerItemProxy section */

/* Begin PBXFileReference section */
		2AE7779E1A2D4E5B00BA926D /* startPageViewController.h */ = {isa = PBXFileReference; fileEncoding = 4; lastKnownFileType = sourcecode.c.h; path = startPageViewController.h; sourceTree = "<group>"; };
		2AE7779F1A2D4E5B00BA926D /* startPageViewController.m */ = {isa = PBXFileReference; fileEncoding = 4; lastKnownFileType = sourcecode.c.objc; path = startPageViewController.m; sourceTree = "<group>"; };
		2AE777A11A2D4E6F00BA926D /* homePageViewController.h */ = {isa = PBXFileReference; fileEncoding = 4; lastKnownFileType = sourcecode.c.h; path = homePageViewController.h; sourceTree = "<group>"; };
		2AE777A21A2D4E6F00BA926D /* homePageViewController.m */ = {isa = PBXFileReference; fileEncoding = 4; lastKnownFileType = sourcecode.c.objc; path = homePageViewController.m; sourceTree = "<group>"; };
		2AE777A41A2D4EC200BA926D /* image.jpg */ = {isa = PBXFileReference; lastKnownFileType = image.jpeg; path = image.jpg; sourceTree = "<group>"; };
		2AE777A51A2D4EC200BA926D /* logo.jpg */ = {isa = PBXFileReference; lastKnownFileType = image.jpeg; path = logo.jpg; sourceTree = "<group>"; };
		2AE777A61A2D4EC200BA926D /* MercedesLogo.png */ = {isa = PBXFileReference; lastKnownFileType = image.png; path = MercedesLogo.png; sourceTree = "<group>"; };
		2AE777A71A2D4EC200BA926D /* startBG.png */ = {isa = PBXFileReference; lastKnownFileType = image.png; path = startBG.png; sourceTree = "<group>"; };
		B64620CE1A2C432400523159 /* HomeViewController.h */ = {isa = PBXFileReference; fileEncoding = 4; lastKnownFileType = sourcecode.c.h; path = HomeViewController.h; sourceTree = "<group>"; };
		B64620CF1A2C432400523159 /* HomeViewController.m */ = {isa = PBXFileReference; fileEncoding = 4; lastKnownFileType = sourcecode.c.objc; path = HomeViewController.m; sourceTree = "<group>"; };
		B64620D21A2C479000523159 /* logo-tagline-white.png */ = {isa = PBXFileReference; lastKnownFileType = image.png; path = "logo-tagline-white.png"; sourceTree = "<group>"; };
		B64620DC1A2C4EF700523159 /* launch.jpg */ = {isa = PBXFileReference; lastKnownFileType = image.jpeg; path = launch.jpg; sourceTree = "<group>"; };
		B64620E01A2C5B1700523159 /* nav.png */ = {isa = PBXFileReference; lastKnownFileType = image.png; path = nav.png; sourceTree = "<group>"; };
		B64620E21A2C5C4B00523159 /* pre-owned-special.jpeg */ = {isa = PBXFileReference; lastKnownFileType = image.jpeg; path = "pre-owned-special.jpeg"; sourceTree = "<group>"; };
		B646211B1A2D9C2300523159 /* montage1.png */ = {isa = PBXFileReference; lastKnownFileType = image.png; path = montage1.png; sourceTree = "<group>"; };
		B646211D1A2DA9AA00523159 /* facebook-login.png */ = {isa = PBXFileReference; lastKnownFileType = image.png; path = "facebook-login.png"; sourceTree = "<group>"; };
		B646211F1A2DA9AD00523159 /* google-login.png */ = {isa = PBXFileReference; lastKnownFileType = image.png; path = "google-login.png"; sourceTree = "<group>"; };
		B64621211A2DB12F00523159 /* montage.png */ = {isa = PBXFileReference; lastKnownFileType = image.png; path = montage.png; sourceTree = "<group>"; };
		B673C86D1A294BFA00D3D55F /* Mercedes-Benz of Columbus.app */ = {isa = PBXFileReference; explicitFileType = wrapper.application; includeInIndex = 0; path = "Mercedes-Benz of Columbus.app"; sourceTree = BUILT_PRODUCTS_DIR; };
		B673C8711A294BFA00D3D55F /* Info.plist */ = {isa = PBXFileReference; lastKnownFileType = text.plist.xml; path = Info.plist; sourceTree = "<group>"; };
		B673C8721A294BFA00D3D55F /* main.m */ = {isa = PBXFileReference; lastKnownFileType = sourcecode.c.objc; path = main.m; sourceTree = "<group>"; };
		B673C8741A294BFA00D3D55F /* AppDelegate.h */ = {isa = PBXFileReference; lastKnownFileType = sourcecode.c.h; path = AppDelegate.h; sourceTree = "<group>"; };
		B673C8751A294BFA00D3D55F /* AppDelegate.m */ = {isa = PBXFileReference; lastKnownFileType = sourcecode.c.objc; path = AppDelegate.m; sourceTree = "<group>"; };
		B673C87B1A294BFA00D3D55F /* Base */ = {isa = PBXFileReference; lastKnownFileType = file.storyboard; name = Base; path = Base.lproj/Main.storyboard; sourceTree = "<group>"; };
		B673C87D1A294BFA00D3D55F /* Images.xcassets */ = {isa = PBXFileReference; lastKnownFileType = folder.assetcatalog; path = Images.xcassets; sourceTree = "<group>"; };
		B673C8801A294BFA00D3D55F /* Base */ = {isa = PBXFileReference; lastKnownFileType = file.xib; name = Base; path = Base.lproj/LaunchScreen.xib; sourceTree = "<group>"; };
		B673C8861A294BFA00D3D55F /* Mercedes-Benz of ColumbusTests.xctest */ = {isa = PBXFileReference; explicitFileType = wrapper.cfbundle; includeInIndex = 0; path = "Mercedes-Benz of ColumbusTests.xctest"; sourceTree = BUILT_PRODUCTS_DIR; };
		B673C88B1A294BFA00D3D55F /* Info.plist */ = {isa = PBXFileReference; lastKnownFileType = text.plist.xml; path = Info.plist; sourceTree = "<group>"; };
		B673C88C1A294BFA00D3D55F /* Mercedes_Benz_of_ColumbusTests.m */ = {isa = PBXFileReference; lastKnownFileType = sourcecode.c.objc; path = Mercedes_Benz_of_ColumbusTests.m; sourceTree = "<group>"; };
/* End PBXFileReference section */

/* Begin PBXFrameworksBuildPhase section */
		B673C86A1A294BFA00D3D55F /* Frameworks */ = {
			isa = PBXFrameworksBuildPhase;
			buildActionMask = 2147483647;
			files = (
			);
			runOnlyForDeploymentPostprocessing = 0;
		};
		B673C8831A294BFA00D3D55F /* Frameworks */ = {
			isa = PBXFrameworksBuildPhase;
			buildActionMask = 2147483647;
			files = (
			);
			runOnlyForDeploymentPostprocessing = 0;
		};
/* End PBXFrameworksBuildPhase section */

/* Begin PBXGroup section */
		B64620D11A2C475900523159 /* Images */ = {
			isa = PBXGroup;
			children = (
				B646211D1A2DA9AA00523159 /* facebook-login.png */,
				B646211F1A2DA9AD00523159 /* google-login.png */,
				B646211B1A2D9C2300523159 /* montage1.png */,
				B64621211A2DB12F00523159 /* montage.png */,
				2AE777A41A2D4EC200BA926D /* image.jpg */,
				2AE777A51A2D4EC200BA926D /* logo.jpg */,
				2AE777A61A2D4EC200BA926D /* MercedesLogo.png */,
				2AE777A71A2D4EC200BA926D /* startBG.png */,
				B64620E21A2C5C4B00523159 /* pre-owned-special.jpeg */,
				B64620E01A2C5B1700523159 /* nav.png */,
				B64620DC1A2C4EF700523159 /* launch.jpg */,
				B64620D21A2C479000523159 /* logo-tagline-white.png */,
			);
			name = Images;
			sourceTree = "<group>";
		};
		B673C8641A294BFA00D3D55F = {
			isa = PBXGroup;
			children = (
				B673C86F1A294BFA00D3D55F /* Mercedes-Benz of Columbus */,
				B673C8891A294BFA00D3D55F /* Mercedes-Benz of ColumbusTests */,
				B673C86E1A294BFA00D3D55F /* Products */,
			);
			sourceTree = "<group>";
		};
		B673C86E1A294BFA00D3D55F /* Products */ = {
			isa = PBXGroup;
			children = (
				B673C86D1A294BFA00D3D55F /* Mercedes-Benz of Columbus.app */,
				B673C8861A294BFA00D3D55F /* Mercedes-Benz of ColumbusTests.xctest */,
			);
			name = Products;
			sourceTree = "<group>";
		};
		B673C86F1A294BFA00D3D55F /* Mercedes-Benz of Columbus */ = {
			isa = PBXGroup;
			children = (
				B64620D11A2C475900523159 /* Images */,
				B673C8741A294BFA00D3D55F /* AppDelegate.h */,
				B673C8751A294BFA00D3D55F /* AppDelegate.m */,
				2AE7779E1A2D4E5B00BA926D /* startPageViewController.h */,
				2AE7779F1A2D4E5B00BA926D /* startPageViewController.m */,
				2AE777A11A2D4E6F00BA926D /* homePageViewController.h */,
				2AE777A21A2D4E6F00BA926D /* homePageViewController.m */,
				B673C87A1A294BFA00D3D55F /* Main.storyboard */,
				B64620CE1A2C432400523159 /* HomeViewController.h */,
				B64620CF1A2C432400523159 /* HomeViewController.m */,
				B673C87D1A294BFA00D3D55F /* Images.xcassets */,
				B673C87F1A294BFA00D3D55F /* LaunchScreen.xib */,
				B673C8701A294BFA00D3D55F /* Supporting Files */,
			);
			path = "Mercedes-Benz of Columbus";
			sourceTree = "<group>";
		};
		B673C8701A294BFA00D3D55F /* Supporting Files */ = {
			isa = PBXGroup;
			children = (
				B673C8711A294BFA00D3D55F /* Info.plist */,
				B673C8721A294BFA00D3D55F /* main.m */,
			);
			name = "Supporting Files";
			sourceTree = "<group>";
		};
		B673C8891A294BFA00D3D55F /* Mercedes-Benz of ColumbusTests */ = {
			isa = PBXGroup;
			children = (
				B673C88C1A294BFA00D3D55F /* Mercedes_Benz_of_ColumbusTests.m */,
				B673C88A1A294BFA00D3D55F /* Supporting Files */,
			);
			path = "Mercedes-Benz of ColumbusTests";
			sourceTree = "<group>";
		};
		B673C88A1A294BFA00D3D55F /* Supporting Files */ = {
			isa = PBXGroup;
			children = (
				B673C88B1A294BFA00D3D55F /* Info.plist */,
			);
			name = "Supporting Files";
			sourceTree = "<group>";
		};
/* End PBXGroup section */

/* Begin PBXNativeTarget section */
		B673C86C1A294BFA00D3D55F /* Mercedes-Benz of Columbus */ = {
			isa = PBXNativeTarget;
			buildConfigurationList = B673C8901A294BFA00D3D55F /* Build configuration list for PBXNativeTarget "Mercedes-Benz of Columbus" */;
			buildPhases = (
				B673C8691A294BFA00D3D55F /* Sources */,
				B673C86A1A294BFA00D3D55F /* Frameworks */,
				B673C86B1A294BFA00D3D55F /* Resources */,
			);
			buildRules = (
			);
			dependencies = (
			);
			name = "Mercedes-Benz of Columbus";
			productName = "Mercedes-Benz of Columbus";
			productReference = B673C86D1A294BFA00D3D55F /* Mercedes-Benz of Columbus.app */;
			productType = "com.apple.product-type.application";
		};
		B673C8851A294BFA00D3D55F /* Mercedes-Benz of ColumbusTests */ = {
			isa = PBXNativeTarget;
			buildConfigurationList = B673C8931A294BFA00D3D55F /* Build configuration list for PBXNativeTarget "Mercedes-Benz of ColumbusTests" */;
			buildPhases = (
				B673C8821A294BFA00D3D55F /* Sources */,
				B673C8831A294BFA00D3D55F /* Frameworks */,
				B673C8841A294BFA00D3D55F /* Resources */,
			);
			buildRules = (
			);
			dependencies = (
				B673C8881A294BFA00D3D55F /* PBXTargetDependency */,
			);
			name = "Mercedes-Benz of ColumbusTests";
			productName = "Mercedes-Benz of ColumbusTests";
			productReference = B673C8861A294BFA00D3D55F /* Mercedes-Benz of ColumbusTests.xctest */;
			productType = "com.apple.product-type.bundle.unit-test";
		};
/* End PBXNativeTarget section */

/* Begin PBXProject section */
		B673C8651A294BFA00D3D55F /* Project object */ = {
			isa = PBXProject;
			attributes = {
				LastUpgradeCheck = 0610;
				ORGANIZATIONNAME = "Wave Link, LLC";
				TargetAttributes = {
					B673C86C1A294BFA00D3D55F = {
						CreatedOnToolsVersion = 6.1;
					};
					B673C8851A294BFA00D3D55F = {
						CreatedOnToolsVersion = 6.1;
						TestTargetID = B673C86C1A294BFA00D3D55F;
					};
				};
			};
			buildConfigurationList = B673C8681A294BFA00D3D55F /* Build configuration list for PBXProject "Mercedes-Benz of Columbus" */;
			compatibilityVersion = "Xcode 3.2";
			developmentRegion = English;
			hasScannedForEncodings = 0;
			knownRegions = (
				en,
				Base,
			);
			mainGroup = B673C8641A294BFA00D3D55F;
			productRefGroup = B673C86E1A294BFA00D3D55F /* Products */;
			projectDirPath = "";
			projectRoot = "";
			targets = (
				B673C86C1A294BFA00D3D55F /* Mercedes-Benz of Columbus */,
				B673C8851A294BFA00D3D55F /* Mercedes-Benz of ColumbusTests */,
			);
		};
/* End PBXProject section */

/* Begin PBXResourcesBuildPhase section */
		B673C86B1A294BFA00D3D55F /* Resources */ = {
			isa = PBXResourcesBuildPhase;
			buildActionMask = 2147483647;
			files = (
				B646211E1A2DA9AA00523159 /* facebook-login.png in Resources */,
				B673C87C1A294BFA00D3D55F /* Main.storyboard in Resources */,
				B64620DD1A2C4EF700523159 /* launch.jpg in Resources */,
				B64620D31A2C479000523159 /* logo-tagline-white.png in Resources */,
				2AE777A81A2D4EC200BA926D /* image.jpg in Resources */,
				2AE777A91A2D4EC200BA926D /* logo.jpg in Resources */,
				B64620E11A2C5B1700523159 /* nav.png in Resources */,
				2AE777AB1A2D4EC200BA926D /* startBG.png in Resources */,
				B64621221A2DB12F00523159 /* montage.png in Resources */,
				B64620E31A2C5C4B00523159 /* pre-owned-special.jpeg in Resources */,
				B673C8811A294BFA00D3D55F /* LaunchScreen.xib in Resources */,
				2AE777AA1A2D4EC200BA926D /* MercedesLogo.png in Resources */,
				B673C87E1A294BFA00D3D55F /* Images.xcassets in Resources */,
				B64621201A2DA9AD00523159 /* google-login.png in Resources */,
				B646211C1A2D9C2300523159 /* montage1.png in Resources */,
			);
			runOnlyForDeploymentPostprocessing = 0;
		};
		B673C8841A294BFA00D3D55F /* Resources */ = {
			isa = PBXResourcesBuildPhase;
			buildActionMask = 2147483647;
			files = (
			);
			runOnlyForDeploymentPostprocessing = 0;
		};
/* End PBXResourcesBuildPhase section */

/* Begin PBXSourcesBuildPhase section */
		B673C8691A294BFA00D3D55F /* Sources */ = {
			isa = PBXSourcesBuildPhase;
			buildActionMask = 2147483647;
			files = (
				2AE777A31A2D4E6F00BA926D /* homePageViewController.m in Sources */,
				B673C8761A294BFA00D3D55F /* AppDelegate.m in Sources */,
				B673C8731A294BFA00D3D55F /* main.m in Sources */,
				2AE777A01A2D4E5B00BA926D /* startPageViewController.m in Sources */,
				B64620D01A2C432400523159 /* HomeViewController.m in Sources */,
			);
			runOnlyForDeploymentPostprocessing = 0;
		};
		B673C8821A294BFA00D3D55F /* Sources */ = {
			isa = PBXSourcesBuildPhase;
			buildActionMask = 2147483647;
			files = (
				B673C88D1A294BFA00D3D55F /* Mercedes_Benz_of_ColumbusTests.m in Sources */,
			);
			runOnlyForDeploymentPostprocessing = 0;
		};
/* End PBXSourcesBuildPhase section */

/* Begin PBXTargetDependency section */
		B673C8881A294BFA00D3D55F /* PBXTargetDependency */ = {
			isa = PBXTargetDependency;
			target = B673C86C1A294BFA00D3D55F /* Mercedes-Benz of Columbus */;
			targetProxy = B673C8871A294BFA00D3D55F /* PBXContainerItemProxy */;
		};
/* End PBXTargetDependency section */

/* Begin PBXVariantGroup section */
		B673C87A1A294BFA00D3D55F /* Main.storyboard */ = {
			isa = PBXVariantGroup;
			children = (
				B673C87B1A294BFA00D3D55F /* Base */,
			);
			name = Main.storyboard;
			sourceTree = "<group>";
		};
		B673C87F1A294BFA00D3D55F /* LaunchScreen.xib */ = {
			isa = PBXVariantGroup;
			children = (
				B673C8801A294BFA00D3D55F /* Base */,
			);
			name = LaunchScreen.xib;
			sourceTree = "<group>";
		};
/* End PBXVariantGroup section */

/* Begin XCBuildConfiguration section */
		B673C88E1A294BFA00D3D55F /* Debug */ = {
			isa = XCBuildConfiguration;
			buildSettings = {
				ALWAYS_SEARCH_USER_PATHS = NO;
				CLANG_CXX_LANGUAGE_STANDARD = "gnu++0x";
				CLANG_CXX_LIBRARY = "libc++";
				CLANG_ENABLE_MODULES = YES;
				CLANG_ENABLE_OBJC_ARC = YES;
				CLANG_WARN_BOOL_CONVERSION = YES;
				CLANG_WARN_CONSTANT_CONVERSION = YES;
				CLANG_WARN_DIRECT_OBJC_ISA_USAGE = YES_ERROR;
				CLANG_WARN_EMPTY_BODY = YES;
				CLANG_WARN_ENUM_CONVERSION = YES;
				CLANG_WARN_INT_CONVERSION = YES;
				CLANG_WARN_OBJC_ROOT_CLASS = YES_ERROR;
				CLANG_WARN_UNREACHABLE_CODE = YES;
				CLANG_WARN__DUPLICATE_METHOD_MATCH = YES;
				"CODE_SIGN_IDENTITY[sdk=iphoneos*]" = "iPhone Developer";
				COPY_PHASE_STRIP = NO;
				ENABLE_STRICT_OBJC_MSGSEND = YES;
				GCC_C_LANGUAGE_STANDARD = gnu99;
				GCC_DYNAMIC_NO_PIC = NO;
				GCC_OPTIMIZATION_LEVEL = 0;
				GCC_PREPROCESSOR_DEFINITIONS = (
					"DEBUG=1",
					"$(inherited)",
				);
				GCC_SYMBOLS_PRIVATE_EXTERN = NO;
				GCC_WARN_64_TO_32_BIT_CONVERSION = YES;
				GCC_WARN_ABOUT_RETURN_TYPE = YES_ERROR;
				GCC_WARN_UNDECLARED_SELECTOR = YES;
				GCC_WARN_UNINITIALIZED_AUTOS = YES_AGGRESSIVE;
				GCC_WARN_UNUSED_FUNCTION = YES;
				GCC_WARN_UNUSED_VARIABLE = YES;
				IPHONEOS_DEPLOYMENT_TARGET = 8.1;
				MTL_ENABLE_DEBUG_INFO = YES;
				ONLY_ACTIVE_ARCH = YES;
				SDKROOT = iphoneos;
				TARGETED_DEVICE_FAMILY = "1,2";
			};
			name = Debug;
		};
		B673C88F1A294BFA00D3D55F /* Release */ = {
			isa = XCBuildConfiguration;
			buildSettings = {
				ALWAYS_SEARCH_USER_PATHS = NO;
				CLANG_CXX_LANGUAGE_STANDARD = "gnu++0x";
				CLANG_CXX_LIBRARY = "libc++";
				CLANG_ENABLE_MODULES = YES;
				CLANG_ENABLE_OBJC_ARC = YES;
				CLANG_WARN_BOOL_CONVERSION = YES;
				CLANG_WARN_CONSTANT_CONVERSION = YES;
				CLANG_WARN_DIRECT_OBJC_ISA_USAGE = YES_ERROR;
				CLANG_WARN_EMPTY_BODY = YES;
				CLANG_WARN_ENUM_CONVERSION = YES;
				CLANG_WARN_INT_CONVERSION = YES;
				CLANG_WARN_OBJC_ROOT_CLASS = YES_ERROR;
				CLANG_WARN_UNREACHABLE_CODE = YES;
				CLANG_WARN__DUPLICATE_METHOD_MATCH = YES;
				"CODE_SIGN_IDENTITY[sdk=iphoneos*]" = "iPhone Developer";
				COPY_PHASE_STRIP = YES;
				ENABLE_NS_ASSERTIONS = NO;
				ENABLE_STRICT_OBJC_MSGSEND = YES;
				GCC_C_LANGUAGE_STANDARD = gnu99;
				GCC_WARN_64_TO_32_BIT_CONVERSION = YES;
				GCC_WARN_ABOUT_RETURN_TYPE = YES_ERROR;
				GCC_WARN_UNDECLARED_SELECTOR = YES;
				GCC_WARN_UNINITIALIZED_AUTOS = YES_AGGRESSIVE;
				GCC_WARN_UNUSED_FUNCTION = YES;
				GCC_WARN_UNUSED_VARIABLE = YES;
				IPHONEOS_DEPLOYMENT_TARGET = 8.1;
				MTL_ENABLE_DEBUG_INFO = NO;
				SDKROOT = iphoneos;
				TARGETED_DEVICE_FAMILY = "1,2";
				VALIDATE_PRODUCT = YES;
			};
			name = Release;
		};
		B673C8911A294BFA00D3D55F /* Debug */ = {
			isa = XCBuildConfiguration;
			buildSettings = {
				ASSETCATALOG_COMPILER_APPICON_NAME = AppIcon;
				INFOPLIST_FILE = "Mercedes-Benz of Columbus/Info.plist";
				LD_RUNPATH_SEARCH_PATHS = "$(inherited) @executable_path/Frameworks";
				PRODUCT_NAME = "$(TARGET_NAME)";
			};
			name = Debug;
		};
		B673C8921A294BFA00D3D55F /* Release */ = {
			isa = XCBuildConfiguration;
			buildSettings = {
				ASSETCATALOG_COMPILER_APPICON_NAME = AppIcon;
				INFOPLIST_FILE = "Mercedes-Benz of Columbus/Info.plist";
				LD_RUNPATH_SEARCH_PATHS = "$(inherited) @executable_path/Frameworks";
				PRODUCT_NAME = "$(TARGET_NAME)";
			};
			name = Release;
		};
		B673C8941A294BFA00D3D55F /* Debug */ = {
			isa = XCBuildConfiguration;
			buildSettings = {
				BUNDLE_LOADER = "$(TEST_HOST)";
				FRAMEWORK_SEARCH_PATHS = (
					"$(SDKROOT)/Developer/Library/Frameworks",
					"$(inherited)",
				);
				GCC_PREPROCESSOR_DEFINITIONS = (
					"DEBUG=1",
					"$(inherited)",
				);
				INFOPLIST_FILE = "Mercedes-Benz of ColumbusTests/Info.plist";
				LD_RUNPATH_SEARCH_PATHS = "$(inherited) @executable_path/Frameworks @loader_path/Frameworks";
				PRODUCT_NAME = "$(TARGET_NAME)";
				TEST_HOST = "$(BUILT_PRODUCTS_DIR)/Mercedes-Benz of Columbus.app/Mercedes-Benz of Columbus";
			};
			name = Debug;
		};
		B673C8951A294BFA00D3D55F /* Release */ = {
			isa = XCBuildConfiguration;
			buildSettings = {
				BUNDLE_LOADER = "$(TEST_HOST)";
				FRAMEWORK_SEARCH_PATHS = (
					"$(SDKROOT)/Developer/Library/Frameworks",
					"$(inherited)",
				);
				INFOPLIST_FILE = "Mercedes-Benz of ColumbusTests/Info.plist";
				LD_RUNPATH_SEARCH_PATHS = "$(inherited) @executable_path/Frameworks @loader_path/Frameworks";
				PRODUCT_NAME = "$(TARGET_NAME)";
				TEST_HOST = "$(BUILT_PRODUCTS_DIR)/Mercedes-Benz of Columbus.app/Mercedes-Benz of Columbus";
			};
			name = Release;
		};
/* End XCBuildConfiguration section */

/* Begin XCConfigurationList section */
		B673C8681A294BFA00D3D55F /* Build configuration list for PBXProject "Mercedes-Benz of Columbus" */ = {
			isa = XCConfigurationList;
			buildConfigurations = (
				B673C88E1A294BFA00D3D55F /* Debug */,
				B673C88F1A294BFA00D3D55F /* Release */,
			);
			defaultConfigurationIsVisible = 0;
			defaultConfigurationName = Release;
		};
		B673C8901A294BFA00D3D55F /* Build configuration list for PBXNativeTarget "Mercedes-Benz of Columbus" */ = {
			isa = XCConfigurationList;
			buildConfigurations = (
				B673C8911A294BFA00D3D55F /* Debug */,
				B673C8921A294BFA00D3D55F /* Release */,
			);
			defaultConfigurationIsVisible = 0;
			defaultConfigurationName = Release;
		};
		B673C8931A294BFA00D3D55F /* Build configuration list for PBXNativeTarget "Mercedes-Benz of ColumbusTests" */ = {
			isa = XCConfigurationList;
			buildConfigurations = (
				B673C8941A294BFA00D3D55F /* Debug */,
				B673C8951A294BFA00D3D55F /* Release */,
			);
			defaultConfigurationIsVisible = 0;
			defaultConfigurationName = Release;
		};
/* End XCConfigurationList section */
	};
	rootObject = B673C8651A294BFA00D3D55F /* Project object */;
}
