// !$*UTF8*$!
{
	archiveVersion = 1;
	classes = {
	};
	objectVersion = 46;
	objects = {

/* Begin PBXBuildFile section */
		2A3160271A882EBE0014E19D /* SettingsViewController.m in Sources */ = {isa = PBXBuildFile; fileRef = 2A3160261A882EBE0014E19D /* SettingsViewController.m */; };
		2A3160291A8C4E470014E19D /* arrow.png in Resources */ = {isa = PBXBuildFile; fileRef = 2A3160281A8C4E470014E19D /* arrow.png */; };
		2A31602F1A8C525E0014E19D /* share.png in Resources */ = {isa = PBXBuildFile; fileRef = 2A31602E1A8C525E0014E19D /* share.png */; };
		2AAD6DF61A64D5AB00AC80D4 /* MapKit.framework in Frameworks */ = {isa = PBXBuildFile; fileRef = 2AAD6DF51A64D5AB00AC80D4 /* MapKit.framework */; };
		2AC9D0111A9A7C7D007E6228 /* inside_blur.jpg in Resources */ = {isa = PBXBuildFile; fileRef = 2AC9D00B1A9A7C7D007E6228 /* inside_blur.jpg */; };
		2AC9D0121A9A7C7D007E6228 /* lights_blur.jpg in Resources */ = {isa = PBXBuildFile; fileRef = 2AC9D00C1A9A7C7D007E6228 /* lights_blur.jpg */; };
		2AC9D0131A9A7C7D007E6228 /* mercedes_lights.jpg in Resources */ = {isa = PBXBuildFile; fileRef = 2AC9D00D1A9A7C7D007E6228 /* mercedes_lights.jpg */; };
		2AC9D0151A9A8259007E6228 /* car.png in Resources */ = {isa = PBXBuildFile; fileRef = 2AC9D0141A9A8259007E6228 /* car.png */; };
		2AC9D0181A9A8ADE007E6228 /* blend_blur.jpg in Resources */ = {isa = PBXBuildFile; fileRef = 2AC9D0161A9A8ADE007E6228 /* blend_blur.jpg */; };
		2AC9D0191A9A8ADE007E6228 /* g_class_blur.png in Resources */ = {isa = PBXBuildFile; fileRef = 2AC9D0171A9A8ADE007E6228 /* g_class_blur.png */; };
		2AC9D0221A9C3567007E6228 /* WarrantyViewController.m in Sources */ = {isa = PBXBuildFile; fileRef = 2AC9D0211A9C3567007E6228 /* WarrantyViewController.m */; };
		2AC9D0281A9C3D21007E6228 /* videoCell.m in Sources */ = {isa = PBXBuildFile; fileRef = 2AC9D0271A9C3D21007E6228 /* videoCell.m */; };
		2AC9D0761AA5754F007E6228 /* VideoViewController.m in Sources */ = {isa = PBXBuildFile; fileRef = 2AC9D0751AA5754F007E6228 /* VideoViewController.m */; };
		2AC9D0781AA57911007E6228 /* video.png in Resources */ = {isa = PBXBuildFile; fileRef = 2AC9D0771AA57911007E6228 /* video.png */; };
		2AC9D07E1AA57ADC007E6228 /* gray-video.png in Resources */ = {isa = PBXBuildFile; fileRef = 2AC9D07D1AA57ADC007E6228 /* gray-video.png */; };
		2AD87E641A82DFA500D7EFA0 /* AccountViewController.m in Sources */ = {isa = PBXBuildFile; fileRef = 2AD87E631A82DFA500D7EFA0 /* AccountViewController.m */; };
		2AD87E671A871CCD00D7EFA0 /* SignUpViewController.m in Sources */ = {isa = PBXBuildFile; fileRef = 2AD87E661A871CCD00D7EFA0 /* SignUpViewController.m */; };
		2AD87E6A1A871CEB00D7EFA0 /* SignInViewController.m in Sources */ = {isa = PBXBuildFile; fileRef = 2AD87E691A871CEB00D7EFA0 /* SignInViewController.m */; };
		2ADE8E6E1AAE936F005F1EAE /* flag.jpg in Resources */ = {isa = PBXBuildFile; fileRef = 2ADE8E6D1AAE936F005F1EAE /* flag.jpg */; };
		2ADE8E711AAE9589005F1EAE /* RoadsideViewController.m in Sources */ = {isa = PBXBuildFile; fileRef = 2ADE8E701AAE9589005F1EAE /* RoadsideViewController.m */; };
		2ADE8E731AAE9932005F1EAE /* thumb.png in Resources */ = {isa = PBXBuildFile; fileRef = 2ADE8E721AAE9932005F1EAE /* thumb.png */; };
		2ADE8E761AB28217005F1EAE /* YoutubeViewController.m in Sources */ = {isa = PBXBuildFile; fileRef = 2ADE8E751AB28217005F1EAE /* YoutubeViewController.m */; };
		2AE777A01A2D4E5B00BA926D /* startPageViewController.m in Sources */ = {isa = PBXBuildFile; fileRef = 2AE7779F1A2D4E5B00BA926D /* startPageViewController.m */; };
		2AE777A81A2D4EC200BA926D /* image.jpg in Resources */ = {isa = PBXBuildFile; fileRef = 2AE777A41A2D4EC200BA926D /* image.jpg */; };
		2AE777A91A2D4EC200BA926D /* logo.jpg in Resources */ = {isa = PBXBuildFile; fileRef = 2AE777A51A2D4EC200BA926D /* logo.jpg */; };
		2AE777AA1A2D4EC200BA926D /* MercedesLogo.png in Resources */ = {isa = PBXBuildFile; fileRef = 2AE777A61A2D4EC200BA926D /* MercedesLogo.png */; };
		2AE777AB1A2D4EC200BA926D /* startBG.png in Resources */ = {isa = PBXBuildFile; fileRef = 2AE777A71A2D4EC200BA926D /* startBG.png */; };
		B61CCC401AA180AB00A24F45 /* ACSimpleKeychain.m in Sources */ = {isa = PBXBuildFile; fileRef = B61CCC3F1AA180AB00A24F45 /* ACSimpleKeychain.m */; };
		B61CCC661AA181AF00A24F45 /* Appirater.m in Sources */ = {isa = PBXBuildFile; fileRef = B61CCC431AA181AF00A24F45 /* Appirater.m */; };
		B61CCC671AA181AF00A24F45 /* AppiraterLocalizable.strings in Resources */ = {isa = PBXBuildFile; fileRef = B61CCC451AA181AF00A24F45 /* AppiraterLocalizable.strings */; };
		B61CCC8A1AA2BCE900A24F45 /* ProgressHUD.m in Sources */ = {isa = PBXBuildFile; fileRef = B61CCC811AA2BCE900A24F45 /* ProgressHUD.m */; };
		B61CCC911AA2BD6200A24F45 /* WSCoachMarksView.m in Sources */ = {isa = PBXBuildFile; fileRef = B61CCC901AA2BD6200A24F45 /* WSCoachMarksView.m */; };
		B61CCE9B1AA31B7800A24F45 /* TwitterKit.framework in Frameworks */ = {isa = PBXBuildFile; fileRef = B61CCE981AA31B7800A24F45 /* TwitterKit.framework */; };
		B61CCE9C1AA31B7800A24F45 /* TwitterKitResources.bundle in Resources */ = {isa = PBXBuildFile; fileRef = B61CCE991AA31B7800A24F45 /* TwitterKitResources.bundle */; };
		B61CCE9D1AA31B7800A24F45 /* Fabric.framework in Frameworks */ = {isa = PBXBuildFile; fileRef = B61CCE9A1AA31B7800A24F45 /* Fabric.framework */; };
		B61CCE9F1AA31D3400A24F45 /* FacebookSDK.framework in Frameworks */ = {isa = PBXBuildFile; fileRef = B61CCE9E1AA31D3400A24F45 /* FacebookSDK.framework */; };
		B61D6D841A775F0B0065DC4A /* ComingSoonViewController.m in Sources */ = {isa = PBXBuildFile; fileRef = B61D6D831A775F0B0065DC4A /* ComingSoonViewController.m */; };
		B61D6D861A7773010065DC4A /* unchecked.png in Resources */ = {isa = PBXBuildFile; fileRef = B61D6D851A7773010065DC4A /* unchecked.png */; };
		B61D6D8A1A7773220065DC4A /* checked.png in Resources */ = {isa = PBXBuildFile; fileRef = B61D6D891A7773220065DC4A /* checked.png */; };
		B624491B1A737B2600FEE0D0 /* vehicleCell.m in Sources */ = {isa = PBXBuildFile; fileRef = B624491A1A737B2600FEE0D0 /* vehicleCell.m */; };
		B624491E1A73821100FEE0D0 /* ShowroomViewController.m in Sources */ = {isa = PBXBuildFile; fileRef = B624491D1A73821100FEE0D0 /* ShowroomViewController.m */; };
		B62449201A738A9D00FEE0D0 /* showroom.png in Resources */ = {isa = PBXBuildFile; fileRef = B624491F1A738A9D00FEE0D0 /* showroom.png */; };
		B62449241A738CE200FEE0D0 /* UIColor+Custom.m in Sources */ = {isa = PBXBuildFile; fileRef = B62449231A738CE200FEE0D0 /* UIColor+Custom.m */; };
		B62449391A7391C800FEE0D0 /* AFHTTPRequestOperation.m in Sources */ = {isa = PBXBuildFile; fileRef = B62449271A7391C800FEE0D0 /* AFHTTPRequestOperation.m */; };
		B624493A1A7391C800FEE0D0 /* AFHTTPRequestOperationManager.m in Sources */ = {isa = PBXBuildFile; fileRef = B62449291A7391C800FEE0D0 /* AFHTTPRequestOperationManager.m */; };
		B624493B1A7391C800FEE0D0 /* AFHTTPSessionManager.m in Sources */ = {isa = PBXBuildFile; fileRef = B624492B1A7391C800FEE0D0 /* AFHTTPSessionManager.m */; };
		B624493C1A7391C800FEE0D0 /* AFNetworkReachabilityManager.m in Sources */ = {isa = PBXBuildFile; fileRef = B624492E1A7391C800FEE0D0 /* AFNetworkReachabilityManager.m */; };
		B624493D1A7391C800FEE0D0 /* AFSecurityPolicy.m in Sources */ = {isa = PBXBuildFile; fileRef = B62449301A7391C800FEE0D0 /* AFSecurityPolicy.m */; };
		B624493E1A7391C800FEE0D0 /* AFURLConnectionOperation.m in Sources */ = {isa = PBXBuildFile; fileRef = B62449321A7391C800FEE0D0 /* AFURLConnectionOperation.m */; };
		B624493F1A7391C800FEE0D0 /* AFURLRequestSerialization.m in Sources */ = {isa = PBXBuildFile; fileRef = B62449341A7391C800FEE0D0 /* AFURLRequestSerialization.m */; };
		B62449401A7391C800FEE0D0 /* AFURLResponseSerialization.m in Sources */ = {isa = PBXBuildFile; fileRef = B62449361A7391C800FEE0D0 /* AFURLResponseSerialization.m */; };
		B62449411A7391C800FEE0D0 /* AFURLSessionManager.m in Sources */ = {isa = PBXBuildFile; fileRef = B62449381A7391C800FEE0D0 /* AFURLSessionManager.m */; };
		B62449541A7391D200FEE0D0 /* AFNetworkActivityIndicatorManager.m in Sources */ = {isa = PBXBuildFile; fileRef = B62449441A7391D200FEE0D0 /* AFNetworkActivityIndicatorManager.m */; };
		B62449551A7391D200FEE0D0 /* UIActivityIndicatorView+AFNetworking.m in Sources */ = {isa = PBXBuildFile; fileRef = B62449461A7391D200FEE0D0 /* UIActivityIndicatorView+AFNetworking.m */; };
		B62449561A7391D200FEE0D0 /* UIAlertView+AFNetworking.m in Sources */ = {isa = PBXBuildFile; fileRef = B62449481A7391D200FEE0D0 /* UIAlertView+AFNetworking.m */; };
		B62449571A7391D200FEE0D0 /* UIButton+AFNetworking.m in Sources */ = {isa = PBXBuildFile; fileRef = B624494A1A7391D200FEE0D0 /* UIButton+AFNetworking.m */; };
		B62449581A7391D200FEE0D0 /* UIImageView+AFNetworking.m in Sources */ = {isa = PBXBuildFile; fileRef = B624494C1A7391D200FEE0D0 /* UIImageView+AFNetworking.m */; };
		B62449591A7391D200FEE0D0 /* UIProgressView+AFNetworking.m in Sources */ = {isa = PBXBuildFile; fileRef = B624494F1A7391D200FEE0D0 /* UIProgressView+AFNetworking.m */; };
		B624495A1A7391D200FEE0D0 /* UIRefreshControl+AFNetworking.m in Sources */ = {isa = PBXBuildFile; fileRef = B62449511A7391D200FEE0D0 /* UIRefreshControl+AFNetworking.m */; };
		B624495B1A7391D200FEE0D0 /* UIWebView+AFNetworking.m in Sources */ = {isa = PBXBuildFile; fileRef = B62449531A7391D200FEE0D0 /* UIWebView+AFNetworking.m */; };
		B624495E1A74047400FEE0D0 /* SpecialsViewController.m in Sources */ = {isa = PBXBuildFile; fileRef = B624495D1A74047400FEE0D0 /* SpecialsViewController.m */; };
		B62449651A740C1900FEE0D0 /* User.m in Sources */ = {isa = PBXBuildFile; fileRef = B62449641A740C1900FEE0D0 /* User.m */; };
		B62449681A7424D600FEE0D0 /* AppointmentViewController.m in Sources */ = {isa = PBXBuildFile; fileRef = B62449671A7424D600FEE0D0 /* AppointmentViewController.m */; };
		B624496E1A7427B100FEE0D0 /* DealershipViewController.m in Sources */ = {isa = PBXBuildFile; fileRef = B624496D1A7427B100FEE0D0 /* DealershipViewController.m */; };
		B62449751A74343600FEE0D0 /* AddressAnnotation.m in Sources */ = {isa = PBXBuildFile; fileRef = B62449741A74343600FEE0D0 /* AddressAnnotation.m */; };
		B62449791A74600A00FEE0D0 /* wavelink.png in Resources */ = {isa = PBXBuildFile; fileRef = B62449781A74600A00FEE0D0 /* wavelink.png */; };
		B624497B1A7464E000FEE0D0 /* wavelink-white.png in Resources */ = {isa = PBXBuildFile; fileRef = B624497A1A7464E000FEE0D0 /* wavelink-white.png */; };
		B624497D1A7465D900FEE0D0 /* wavelink-grayscale.png in Resources */ = {isa = PBXBuildFile; fileRef = B624497C1A7465D900FEE0D0 /* wavelink-grayscale.png */; };
		B62449831A74736A00FEE0D0 /* specials.png in Resources */ = {isa = PBXBuildFile; fileRef = B62449821A74736A00FEE0D0 /* specials.png */; };
		B62449871A7473EB00FEE0D0 /* payment.png in Resources */ = {isa = PBXBuildFile; fileRef = B62449861A7473EB00FEE0D0 /* payment.png */; };
		B62449891A7475F100FEE0D0 /* phone.png in Resources */ = {isa = PBXBuildFile; fileRef = B62449881A7475F100FEE0D0 /* phone.png */; };
		B624498B1A7479F400FEE0D0 /* email.png in Resources */ = {isa = PBXBuildFile; fileRef = B624498A1A7479F400FEE0D0 /* email.png */; };
		B62A84531A2EBAD000B6A799 /* montage2.png in Resources */ = {isa = PBXBuildFile; fileRef = B62A84521A2EBAD000B6A799 /* montage2.png */; };
		B62A84561A2EC68200B6A799 /* winter-event.jpg in Resources */ = {isa = PBXBuildFile; fileRef = B62A84541A2EC68200B6A799 /* winter-event.jpg */; };
		B62A84571A2EC68200B6A799 /* 2015-cls-class.jpg in Resources */ = {isa = PBXBuildFile; fileRef = B62A84551A2EC68200B6A799 /* 2015-cls-class.jpg */; };
		B62A845B1A2ECC4100B6A799 /* UIColor+FlatUI.m in Sources */ = {isa = PBXBuildFile; fileRef = B62A845A1A2ECC4100B6A799 /* UIColor+FlatUI.m */; };
		B64620D01A2C432400523159 /* HomeViewController.m in Sources */ = {isa = PBXBuildFile; fileRef = B64620CF1A2C432400523159 /* HomeViewController.m */; };
		B64620D31A2C479000523159 /* logo-tagline-white.png in Resources */ = {isa = PBXBuildFile; fileRef = B64620D21A2C479000523159 /* logo-tagline-white.png */; };
		B64620DD1A2C4EF700523159 /* launch.jpg in Resources */ = {isa = PBXBuildFile; fileRef = B64620DC1A2C4EF700523159 /* launch.jpg */; };
		B64620E11A2C5B1700523159 /* nav.png in Resources */ = {isa = PBXBuildFile; fileRef = B64620E01A2C5B1700523159 /* nav.png */; };
		B64620E31A2C5C4B00523159 /* pre-owned-special.jpeg in Resources */ = {isa = PBXBuildFile; fileRef = B64620E21A2C5C4B00523159 /* pre-owned-special.jpeg */; };
		B646211E1A2DA9AA00523159 /* facebook-login.png in Resources */ = {isa = PBXBuildFile; fileRef = B646211D1A2DA9AA00523159 /* facebook-login.png */; };
		B64621201A2DA9AD00523159 /* google-login.png in Resources */ = {isa = PBXBuildFile; fileRef = B646211F1A2DA9AD00523159 /* google-login.png */; };
		B64621221A2DB12F00523159 /* montage.png in Resources */ = {isa = PBXBuildFile; fileRef = B64621211A2DB12F00523159 /* montage.png */; };
		B65C7B1F1AB12DA900B7F36A /* ProgressHUD.bundle in Resources */ = {isa = PBXBuildFile; fileRef = B65C7B1E1AB12DA900B7F36A /* ProgressHUD.bundle */; };
		B65C7B221AB1763900B7F36A /* UrlViewController.m in Sources */ = {isa = PBXBuildFile; fileRef = B65C7B211AB1763900B7F36A /* UrlViewController.m */; };
		B65C7B241AB299C400B7F36A /* facebook.png in Resources */ = {isa = PBXBuildFile; fileRef = B65C7B231AB299C400B7F36A /* facebook.png */; };
		B65C7B261AB299C900B7F36A /* twitter.png in Resources */ = {isa = PBXBuildFile; fileRef = B65C7B251AB299C900B7F36A /* twitter.png */; };
		B673C8731A294BFA00D3D55F /* main.m in Sources */ = {isa = PBXBuildFile; fileRef = B673C8721A294BFA00D3D55F /* main.m */; };
		B673C8761A294BFA00D3D55F /* AppDelegate.m in Sources */ = {isa = PBXBuildFile; fileRef = B673C8751A294BFA00D3D55F /* AppDelegate.m */; };
		B673C87C1A294BFA00D3D55F /* Main.storyboard in Resources */ = {isa = PBXBuildFile; fileRef = B673C87A1A294BFA00D3D55F /* Main.storyboard */; };
		B673C87E1A294BFA00D3D55F /* Images.xcassets in Resources */ = {isa = PBXBuildFile; fileRef = B673C87D1A294BFA00D3D55F /* Images.xcassets */; };
		B673C8811A294BFA00D3D55F /* LaunchScreen.xib in Resources */ = {isa = PBXBuildFile; fileRef = B673C87F1A294BFA00D3D55F /* LaunchScreen.xib */; };
		B673C88D1A294BFA00D3D55F /* Mercedes_Benz_of_ColumbusTests.m in Sources */ = {isa = PBXBuildFile; fileRef = B673C88C1A294BFA00D3D55F /* Mercedes_Benz_of_ColumbusTests.m */; };
		B686B1D31A8AF4C300928565 /* engine_start_button.png in Resources */ = {isa = PBXBuildFile; fileRef = B686B1D21A8AF4C300928565 /* engine_start_button.png */; };
		B686B1D61A8B0B2500928565 /* InventoryViewController.m in Sources */ = {isa = PBXBuildFile; fileRef = B686B1D51A8B0B2500928565 /* InventoryViewController.m */; };
		B686B1DA1A8B440800928565 /* empty.png in Resources */ = {isa = PBXBuildFile; fileRef = B686B1D91A8B440800928565 /* empty.png */; };
		B69628401AA3CB3500DC7A50 /* FUIButton.m in Sources */ = {isa = PBXBuildFile; fileRef = B696283F1AA3CB3500DC7A50 /* FUIButton.m */; };
		B69628431AA3CFC100DC7A50 /* UIImage+FlatUI.m in Sources */ = {isa = PBXBuildFile; fileRef = B69628421AA3CFC100DC7A50 /* UIImage+FlatUI.m */; };
		B69628471AA3E8C800DC7A50 /* VPImageCropperViewController.m in Sources */ = {isa = PBXBuildFile; fileRef = B69628461AA3E8C800DC7A50 /* VPImageCropperViewController.m */; };
		B6A0488B1A8C4D3B00C0F8D7 /* VehicleViewController.m in Sources */ = {isa = PBXBuildFile; fileRef = B6A0488A1A8C4D3B00C0F8D7 /* VehicleViewController.m */; };
		B6A0488D1A8C6AD000C0F8D7 /* text-veil.png in Resources */ = {isa = PBXBuildFile; fileRef = B6A0488C1A8C6AD000C0F8D7 /* text-veil.png */; };
		B6A048951A8C810500C0F8D7 /* backgroundA.png in Resources */ = {isa = PBXBuildFile; fileRef = B6A048941A8C810500C0F8D7 /* backgroundA.png */; };
		B6A048971A8C811800C0F8D7 /* backgroundB.png in Resources */ = {isa = PBXBuildFile; fileRef = B6A048961A8C811800C0F8D7 /* backgroundB.png */; };
		B6A048991A8C818700C0F8D7 /* backgroundC.png in Resources */ = {isa = PBXBuildFile; fileRef = B6A048981A8C818700C0F8D7 /* backgroundC.png */; };
		B6A0489D1A8C842C00C0F8D7 /* night-road-blurry.png in Resources */ = {isa = PBXBuildFile; fileRef = B6A0489C1A8C842C00C0F8D7 /* night-road-blurry.png */; };
		B6A0489F1A8C8B8A00C0F8D7 /* backgroundD.png in Resources */ = {isa = PBXBuildFile; fileRef = B6A0489E1A8C8B8A00C0F8D7 /* backgroundD.png */; };
		B6A048A71A8C9CAE00C0F8D7 /* no-vehicle-image.png in Resources */ = {isa = PBXBuildFile; fileRef = B6A048A61A8C9CAE00C0F8D7 /* no-vehicle-image.png */; };
		B6A048A91A8C9F4600C0F8D7 /* roadside.png in Resources */ = {isa = PBXBuildFile; fileRef = B6A048A81A8C9F4600C0F8D7 /* roadside.png */; };
		B6A048AB1A8C9F4C00C0F8D7 /* parts.png in Resources */ = {isa = PBXBuildFile; fileRef = B6A048AA1A8C9F4C00C0F8D7 /* parts.png */; };
		B6A6C8C21A8CA21300C2802A /* dealership.png in Resources */ = {isa = PBXBuildFile; fileRef = B6A6C8C11A8CA21300C2802A /* dealership.png */; };
		B6DA2F271A71F75D004D646E /* menuCell.m in Sources */ = {isa = PBXBuildFile; fileRef = B6DA2F261A71F75D004D646E /* menuCell.m */; };
		B6DA2F2A1A733874004D646E /* Common.m in Sources */ = {isa = PBXBuildFile; fileRef = B6DA2F291A733874004D646E /* Common.m */; };
		B6DA2F361A7354C2004D646E /* warranty.png in Resources */ = {isa = PBXBuildFile; fileRef = B6DA2F351A7354C2004D646E /* warranty.png */; };
		B6DA2F3A1A735515004D646E /* account.png in Resources */ = {isa = PBXBuildFile; fileRef = B6DA2F391A735515004D646E /* account.png */; };
		B6DA2F3C1A73555A004D646E /* contact.png in Resources */ = {isa = PBXBuildFile; fileRef = B6DA2F3B1A73555A004D646E /* contact.png */; };
		B6DA2F3E1A735579004D646E /* service.png in Resources */ = {isa = PBXBuildFile; fileRef = B6DA2F3D1A735579004D646E /* service.png */; };
		B6DA2F401A7355BC004D646E /* appointment.png in Resources */ = {isa = PBXBuildFile; fileRef = B6DA2F3F1A7355BC004D646E /* appointment.png */; };
		B6DA2F451A735927004D646E /* specialsCell.m in Sources */ = {isa = PBXBuildFile; fileRef = B6DA2F441A735927004D646E /* specialsCell.m */; };
/* End PBXBuildFile section */

/* Begin PBXContainerItemProxy section */
		B673C8871A294BFA00D3D55F /* PBXContainerItemProxy */ = {
			isa = PBXContainerItemProxy;
			containerPortal = B673C8651A294BFA00D3D55F /* Project object */;
			proxyType = 1;
			remoteGlobalIDString = B673C86C1A294BFA00D3D55F;
			remoteInfo = "Mercedes-Benz of Columbus";
		};
/* End PBXContainerItemProxy section */

/* Begin PBXFileReference section */
		2A3160251A882EBE0014E19D /* SettingsViewController.h */ = {isa = PBXFileReference; fileEncoding = 4; lastKnownFileType = sourcecode.c.h; path = SettingsViewController.h; sourceTree = "<group>"; };
		2A3160261A882EBE0014E19D /* SettingsViewController.m */ = {isa = PBXFileReference; fileEncoding = 4; lastKnownFileType = sourcecode.c.objc; path = SettingsViewController.m; sourceTree = "<group>"; };
		2A3160281A8C4E470014E19D /* arrow.png */ = {isa = PBXFileReference; lastKnownFileType = image.png; path = arrow.png; sourceTree = "<group>"; };
		2A31602E1A8C525E0014E19D /* share.png */ = {isa = PBXFileReference; lastKnownFileType = image.png; path = share.png; sourceTree = "<group>"; };
		2AAD6DF51A64D5AB00AC80D4 /* MapKit.framework */ = {isa = PBXFileReference; lastKnownFileType = wrapper.framework; name = MapKit.framework; path = System/Library/Frameworks/MapKit.framework; sourceTree = SDKROOT; };
		2AC9D00B1A9A7C7D007E6228 /* inside_blur.jpg */ = {isa = PBXFileReference; lastKnownFileType = image.jpeg; path = inside_blur.jpg; sourceTree = "<group>"; };
		2AC9D00C1A9A7C7D007E6228 /* lights_blur.jpg */ = {isa = PBXFileReference; lastKnownFileType = image.jpeg; path = lights_blur.jpg; sourceTree = "<group>"; };
		2AC9D00D1A9A7C7D007E6228 /* mercedes_lights.jpg */ = {isa = PBXFileReference; lastKnownFileType = image.jpeg; path = mercedes_lights.jpg; sourceTree = "<group>"; };
		2AC9D0141A9A8259007E6228 /* car.png */ = {isa = PBXFileReference; lastKnownFileType = image.png; path = car.png; sourceTree = "<group>"; };
		2AC9D0161A9A8ADE007E6228 /* blend_blur.jpg */ = {isa = PBXFileReference; lastKnownFileType = image.jpeg; path = blend_blur.jpg; sourceTree = "<group>"; };
		2AC9D0171A9A8ADE007E6228 /* g_class_blur.png */ = {isa = PBXFileReference; lastKnownFileType = image.png; path = g_class_blur.png; sourceTree = "<group>"; };
		2AC9D0201A9C3567007E6228 /* WarrantyViewController.h */ = {isa = PBXFileReference; fileEncoding = 4; lastKnownFileType = sourcecode.c.h; path = WarrantyViewController.h; sourceTree = "<group>"; };
		2AC9D0211A9C3567007E6228 /* WarrantyViewController.m */ = {isa = PBXFileReference; fileEncoding = 4; lastKnownFileType = sourcecode.c.objc; path = WarrantyViewController.m; sourceTree = "<group>"; };
		2AC9D0261A9C3D20007E6228 /* videoCell.h */ = {isa = PBXFileReference; fileEncoding = 4; lastKnownFileType = sourcecode.c.h; path = videoCell.h; sourceTree = "<group>"; };
		2AC9D0271A9C3D21007E6228 /* videoCell.m */ = {isa = PBXFileReference; fileEncoding = 4; lastKnownFileType = sourcecode.c.objc; path = videoCell.m; sourceTree = "<group>"; };
		2AC9D0741AA5754F007E6228 /* VideoViewController.h */ = {isa = PBXFileReference; fileEncoding = 4; lastKnownFileType = sourcecode.c.h; path = VideoViewController.h; sourceTree = "<group>"; };
		2AC9D0751AA5754F007E6228 /* VideoViewController.m */ = {isa = PBXFileReference; fileEncoding = 4; lastKnownFileType = sourcecode.c.objc; path = VideoViewController.m; sourceTree = "<group>"; };
		2AC9D0771AA57911007E6228 /* video.png */ = {isa = PBXFileReference; lastKnownFileType = image.png; path = video.png; sourceTree = "<group>"; };
		2AC9D07D1AA57ADC007E6228 /* gray-video.png */ = {isa = PBXFileReference; lastKnownFileType = image.png; path = "gray-video.png"; sourceTree = "<group>"; };
		2AD87E621A82DFA500D7EFA0 /* AccountViewController.h */ = {isa = PBXFileReference; fileEncoding = 4; lastKnownFileType = sourcecode.c.h; path = AccountViewController.h; sourceTree = "<group>"; };
		2AD87E631A82DFA500D7EFA0 /* AccountViewController.m */ = {isa = PBXFileReference; fileEncoding = 4; lastKnownFileType = sourcecode.c.objc; path = AccountViewController.m; sourceTree = "<group>"; };
		2AD87E651A871CCD00D7EFA0 /* SignUpViewController.h */ = {isa = PBXFileReference; fileEncoding = 4; lastKnownFileType = sourcecode.c.h; path = SignUpViewController.h; sourceTree = "<group>"; };
		2AD87E661A871CCD00D7EFA0 /* SignUpViewController.m */ = {isa = PBXFileReference; fileEncoding = 4; lastKnownFileType = sourcecode.c.objc; path = SignUpViewController.m; sourceTree = "<group>"; };
		2AD87E681A871CEB00D7EFA0 /* SignInViewController.h */ = {isa = PBXFileReference; fileEncoding = 4; lastKnownFileType = sourcecode.c.h; path = SignInViewController.h; sourceTree = "<group>"; };
		2AD87E691A871CEB00D7EFA0 /* SignInViewController.m */ = {isa = PBXFileReference; fileEncoding = 4; lastKnownFileType = sourcecode.c.objc; path = SignInViewController.m; sourceTree = "<group>"; };
		2ADE8E6D1AAE936F005F1EAE /* flag.jpg */ = {isa = PBXFileReference; lastKnownFileType = image.jpeg; path = flag.jpg; sourceTree = "<group>"; };
		2ADE8E6F1AAE9589005F1EAE /* RoadsideViewController.h */ = {isa = PBXFileReference; fileEncoding = 4; lastKnownFileType = sourcecode.c.h; path = RoadsideViewController.h; sourceTree = "<group>"; };
		2ADE8E701AAE9589005F1EAE /* RoadsideViewController.m */ = {isa = PBXFileReference; fileEncoding = 4; lastKnownFileType = sourcecode.c.objc; path = RoadsideViewController.m; sourceTree = "<group>"; };
		2ADE8E721AAE9932005F1EAE /* thumb.png */ = {isa = PBXFileReference; lastKnownFileType = image.png; path = thumb.png; sourceTree = "<group>"; };
		2ADE8E741AB28217005F1EAE /* YoutubeViewController.h */ = {isa = PBXFileReference; fileEncoding = 4; lastKnownFileType = sourcecode.c.h; path = YoutubeViewController.h; sourceTree = "<group>"; };
		2ADE8E751AB28217005F1EAE /* YoutubeViewController.m */ = {isa = PBXFileReference; fileEncoding = 4; lastKnownFileType = sourcecode.c.objc; path = YoutubeViewController.m; sourceTree = "<group>"; };
		2AE7779E1A2D4E5B00BA926D /* startPageViewController.h */ = {isa = PBXFileReference; fileEncoding = 4; lastKnownFileType = sourcecode.c.h; path = startPageViewController.h; sourceTree = "<group>"; };
		2AE7779F1A2D4E5B00BA926D /* startPageViewController.m */ = {isa = PBXFileReference; fileEncoding = 4; lastKnownFileType = sourcecode.c.objc; path = startPageViewController.m; sourceTree = "<group>"; };
		2AE777A41A2D4EC200BA926D /* image.jpg */ = {isa = PBXFileReference; lastKnownFileType = image.jpeg; path = image.jpg; sourceTree = "<group>"; };
		2AE777A51A2D4EC200BA926D /* logo.jpg */ = {isa = PBXFileReference; lastKnownFileType = image.jpeg; path = logo.jpg; sourceTree = "<group>"; };
		2AE777A61A2D4EC200BA926D /* MercedesLogo.png */ = {isa = PBXFileReference; lastKnownFileType = image.png; path = MercedesLogo.png; sourceTree = "<group>"; };
		2AE777A71A2D4EC200BA926D /* startBG.png */ = {isa = PBXFileReference; lastKnownFileType = image.png; path = startBG.png; sourceTree = "<group>"; };
		B61CCC3E1AA180AB00A24F45 /* ACSimpleKeychain.h */ = {isa = PBXFileReference; fileEncoding = 4; lastKnownFileType = sourcecode.c.h; path = ACSimpleKeychain.h; sourceTree = "<group>"; };
		B61CCC3F1AA180AB00A24F45 /* ACSimpleKeychain.m */ = {isa = PBXFileReference; fileEncoding = 4; lastKnownFileType = sourcecode.c.objc; path = ACSimpleKeychain.m; sourceTree = "<group>"; };
		B61CCC421AA181AF00A24F45 /* Appirater.h */ = {isa = PBXFileReference; fileEncoding = 4; lastKnownFileType = sourcecode.c.h; path = Appirater.h; sourceTree = "<group>"; };
		B61CCC431AA181AF00A24F45 /* Appirater.m */ = {isa = PBXFileReference; fileEncoding = 4; lastKnownFileType = sourcecode.c.objc; path = Appirater.m; sourceTree = "<group>"; };
		B61CCC441AA181AF00A24F45 /* AppiraterDelegate.h */ = {isa = PBXFileReference; fileEncoding = 4; lastKnownFileType = sourcecode.c.h; path = AppiraterDelegate.h; sourceTree = "<group>"; };
		B61CCC461AA181AF00A24F45 /* ar */ = {isa = PBXFileReference; lastKnownFileType = text.plist.strings; name = ar; path = ar.lproj/AppiraterLocalizable.strings; sourceTree = "<group>"; };
		B61CCC471AA181AF00A24F45 /* ca */ = {isa = PBXFileReference; lastKnownFileType = text.plist.strings; name = ca; path = ca.lproj/AppiraterLocalizable.strings; sourceTree = "<group>"; };
		B61CCC481AA181AF00A24F45 /* cs */ = {isa = PBXFileReference; lastKnownFileType = text.plist.strings; name = cs; path = cs.lproj/AppiraterLocalizable.strings; sourceTree = "<group>"; };
		B61CCC491AA181AF00A24F45 /* da */ = {isa = PBXFileReference; lastKnownFileType = text.plist.strings; name = da; path = da.lproj/AppiraterLocalizable.strings; sourceTree = "<group>"; };
		B61CCC4A1AA181AF00A24F45 /* de */ = {isa = PBXFileReference; lastKnownFileType = text.plist.strings; name = de; path = de.lproj/AppiraterLocalizable.strings; sourceTree = "<group>"; };
		B61CCC4B1AA181AF00A24F45 /* el */ = {isa = PBXFileReference; lastKnownFileType = text.plist.strings; name = el; path = el.lproj/AppiraterLocalizable.strings; sourceTree = "<group>"; };
		B61CCC4C1AA181AF00A24F45 /* en */ = {isa = PBXFileReference; lastKnownFileType = text.plist.strings; name = en; path = en.lproj/AppiraterLocalizable.strings; sourceTree = "<group>"; };
		B61CCC4D1AA181AF00A24F45 /* es */ = {isa = PBXFileReference; lastKnownFileType = text.plist.strings; name = es; path = es.lproj/AppiraterLocalizable.strings; sourceTree = "<group>"; };
		B61CCC4E1AA181AF00A24F45 /* fi */ = {isa = PBXFileReference; lastKnownFileType = text.plist.strings; name = fi; path = fi.lproj/AppiraterLocalizable.strings; sourceTree = "<group>"; };
		B61CCC4F1AA181AF00A24F45 /* fr */ = {isa = PBXFileReference; lastKnownFileType = text.plist.strings; name = fr; path = fr.lproj/AppiraterLocalizable.strings; sourceTree = "<group>"; };
		B61CCC501AA181AF00A24F45 /* he */ = {isa = PBXFileReference; lastKnownFileType = text.plist.strings; name = he; path = he.lproj/AppiraterLocalizable.strings; sourceTree = "<group>"; };
		B61CCC511AA181AF00A24F45 /* hu */ = {isa = PBXFileReference; lastKnownFileType = text.plist.strings; name = hu; path = hu.lproj/AppiraterLocalizable.strings; sourceTree = "<group>"; };
		B61CCC521AA181AF00A24F45 /* id */ = {isa = PBXFileReference; lastKnownFileType = text.plist.strings; name = id; path = id.lproj/AppiraterLocalizable.strings; sourceTree = "<group>"; };
		B61CCC531AA181AF00A24F45 /* it */ = {isa = PBXFileReference; lastKnownFileType = text.plist.strings; name = it; path = it.lproj/AppiraterLocalizable.strings; sourceTree = "<group>"; };
		B61CCC541AA181AF00A24F45 /* ja */ = {isa = PBXFileReference; lastKnownFileType = text.plist.strings; name = ja; path = ja.lproj/AppiraterLocalizable.strings; sourceTree = "<group>"; };
		B61CCC551AA181AF00A24F45 /* ko */ = {isa = PBXFileReference; lastKnownFileType = text.plist.strings; name = ko; path = ko.lproj/AppiraterLocalizable.strings; sourceTree = "<group>"; };
		B61CCC561AA181AF00A24F45 /* ms */ = {isa = PBXFileReference; lastKnownFileType = text.plist.strings; name = ms; path = ms.lproj/AppiraterLocalizable.strings; sourceTree = "<group>"; };
		B61CCC571AA181AF00A24F45 /* nb */ = {isa = PBXFileReference; lastKnownFileType = text.plist.strings; name = nb; path = nb.lproj/AppiraterLocalizable.strings; sourceTree = "<group>"; };
		B61CCC581AA181AF00A24F45 /* nl */ = {isa = PBXFileReference; lastKnownFileType = text.plist.strings; name = nl; path = nl.lproj/AppiraterLocalizable.strings; sourceTree = "<group>"; };
		B61CCC591AA181AF00A24F45 /* pl */ = {isa = PBXFileReference; lastKnownFileType = text.plist.strings; name = pl; path = pl.lproj/AppiraterLocalizable.strings; sourceTree = "<group>"; };
		B61CCC5A1AA181AF00A24F45 /* pt-BR */ = {isa = PBXFileReference; lastKnownFileType = text.plist.strings; name = "pt-BR"; path = "pt-BR.lproj/AppiraterLocalizable.strings"; sourceTree = "<group>"; };
		B61CCC5B1AA181AF00A24F45 /* pt */ = {isa = PBXFileReference; lastKnownFileType = text.plist.strings; name = pt; path = pt.lproj/AppiraterLocalizable.strings; sourceTree = "<group>"; };
		B61CCC5C1AA181AF00A24F45 /* ro */ = {isa = PBXFileReference; lastKnownFileType = text.plist.strings; name = ro; path = ro.lproj/AppiraterLocalizable.strings; sourceTree = "<group>"; };
		B61CCC5D1AA181AF00A24F45 /* ru */ = {isa = PBXFileReference; lastKnownFileType = text.plist.strings; name = ru; path = ru.lproj/AppiraterLocalizable.strings; sourceTree = "<group>"; };
		B61CCC5E1AA181AF00A24F45 /* sk */ = {isa = PBXFileReference; lastKnownFileType = text.plist.strings; name = sk; path = sk.lproj/AppiraterLocalizable.strings; sourceTree = "<group>"; };
		B61CCC5F1AA181AF00A24F45 /* sv */ = {isa = PBXFileReference; lastKnownFileType = text.plist.strings; name = sv; path = sv.lproj/AppiraterLocalizable.strings; sourceTree = "<group>"; };
		B61CCC601AA181AF00A24F45 /* th */ = {isa = PBXFileReference; lastKnownFileType = text.plist.strings; name = th; path = th.lproj/AppiraterLocalizable.strings; sourceTree = "<group>"; };
		B61CCC611AA181AF00A24F45 /* tr */ = {isa = PBXFileReference; lastKnownFileType = text.plist.strings; name = tr; path = tr.lproj/AppiraterLocalizable.strings; sourceTree = "<group>"; };
		B61CCC621AA181AF00A24F45 /* uk */ = {isa = PBXFileReference; lastKnownFileType = text.plist.strings; name = uk; path = uk.lproj/AppiraterLocalizable.strings; sourceTree = "<group>"; };
		B61CCC631AA181AF00A24F45 /* vi */ = {isa = PBXFileReference; lastKnownFileType = text.plist.strings; name = vi; path = vi.lproj/AppiraterLocalizable.strings; sourceTree = "<group>"; };
		B61CCC641AA181AF00A24F45 /* zh-Hans */ = {isa = PBXFileReference; lastKnownFileType = text.plist.strings; name = "zh-Hans"; path = "zh-Hans.lproj/AppiraterLocalizable.strings"; sourceTree = "<group>"; };
		B61CCC651AA181AF00A24F45 /* zh-Hant */ = {isa = PBXFileReference; lastKnownFileType = text.plist.strings; name = "zh-Hant"; path = "zh-Hant.lproj/AppiraterLocalizable.strings"; sourceTree = "<group>"; };
		B61CCC801AA2BCE900A24F45 /* ProgressHUD.h */ = {isa = PBXFileReference; fileEncoding = 4; lastKnownFileType = sourcecode.c.h; name = ProgressHUD.h; path = ProgressHUD/ProgressHUD.h; sourceTree = "<group>"; };
		B61CCC811AA2BCE900A24F45 /* ProgressHUD.m */ = {isa = PBXFileReference; fileEncoding = 4; lastKnownFileType = sourcecode.c.objc; name = ProgressHUD.m; path = ProgressHUD/ProgressHUD.m; sourceTree = "<group>"; };
		B61CCC8F1AA2BD6200A24F45 /* WSCoachMarksView.h */ = {isa = PBXFileReference; fileEncoding = 4; lastKnownFileType = sourcecode.c.h; path = WSCoachMarksView.h; sourceTree = "<group>"; };
		B61CCC901AA2BD6200A24F45 /* WSCoachMarksView.m */ = {isa = PBXFileReference; fileEncoding = 4; lastKnownFileType = sourcecode.c.objc; path = WSCoachMarksView.m; sourceTree = "<group>"; };
		B61CCE981AA31B7800A24F45 /* TwitterKit.framework */ = {isa = PBXFileReference; lastKnownFileType = wrapper.framework; path = TwitterKit.framework; sourceTree = "<group>"; };
		B61CCE991AA31B7800A24F45 /* TwitterKitResources.bundle */ = {isa = PBXFileReference; lastKnownFileType = "wrapper.plug-in"; name = TwitterKitResources.bundle; path = TwitterKit.framework/Versions/A/Resources/TwitterKitResources.bundle; sourceTree = "<group>"; };
		B61CCE9A1AA31B7800A24F45 /* Fabric.framework */ = {isa = PBXFileReference; lastKnownFileType = wrapper.framework; path = Fabric.framework; sourceTree = "<group>"; };
		B61CCE9E1AA31D3400A24F45 /* FacebookSDK.framework */ = {isa = PBXFileReference; lastKnownFileType = wrapper.framework; path = FacebookSDK.framework; sourceTree = "<group>"; };
		B61D6D821A775F0B0065DC4A /* ComingSoonViewController.h */ = {isa = PBXFileReference; fileEncoding = 4; lastKnownFileType = sourcecode.c.h; path = ComingSoonViewController.h; sourceTree = "<group>"; };
		B61D6D831A775F0B0065DC4A /* ComingSoonViewController.m */ = {isa = PBXFileReference; fileEncoding = 4; lastKnownFileType = sourcecode.c.objc; path = ComingSoonViewController.m; sourceTree = "<group>"; };
		B61D6D851A7773010065DC4A /* unchecked.png */ = {isa = PBXFileReference; lastKnownFileType = image.png; path = unchecked.png; sourceTree = "<group>"; };
		B61D6D891A7773220065DC4A /* checked.png */ = {isa = PBXFileReference; lastKnownFileType = image.png; path = checked.png; sourceTree = "<group>"; };
		B62449191A737B2600FEE0D0 /* vehicleCell.h */ = {isa = PBXFileReference; fileEncoding = 4; lastKnownFileType = sourcecode.c.h; path = vehicleCell.h; sourceTree = "<group>"; };
		B624491A1A737B2600FEE0D0 /* vehicleCell.m */ = {isa = PBXFileReference; fileEncoding = 4; lastKnownFileType = sourcecode.c.objc; path = vehicleCell.m; sourceTree = "<group>"; };
		B624491C1A73821100FEE0D0 /* ShowroomViewController.h */ = {isa = PBXFileReference; fileEncoding = 4; lastKnownFileType = sourcecode.c.h; path = ShowroomViewController.h; sourceTree = "<group>"; };
		B624491D1A73821100FEE0D0 /* ShowroomViewController.m */ = {isa = PBXFileReference; fileEncoding = 4; lastKnownFileType = sourcecode.c.objc; path = ShowroomViewController.m; sourceTree = "<group>"; };
		B624491F1A738A9D00FEE0D0 /* showroom.png */ = {isa = PBXFileReference; lastKnownFileType = image.png; path = showroom.png; sourceTree = "<group>"; };
		B62449221A738CE200FEE0D0 /* UIColor+Custom.h */ = {isa = PBXFileReference; fileEncoding = 4; lastKnownFileType = sourcecode.c.h; path = "UIColor+Custom.h"; sourceTree = "<group>"; };
		B62449231A738CE200FEE0D0 /* UIColor+Custom.m */ = {isa = PBXFileReference; fileEncoding = 4; lastKnownFileType = sourcecode.c.objc; path = "UIColor+Custom.m"; sourceTree = "<group>"; };
		B62449261A7391C800FEE0D0 /* AFHTTPRequestOperation.h */ = {isa = PBXFileReference; fileEncoding = 4; lastKnownFileType = sourcecode.c.h; path = AFHTTPRequestOperation.h; sourceTree = "<group>"; };
		B62449271A7391C800FEE0D0 /* AFHTTPRequestOperation.m */ = {isa = PBXFileReference; fileEncoding = 4; lastKnownFileType = sourcecode.c.objc; path = AFHTTPRequestOperation.m; sourceTree = "<group>"; };
		B62449281A7391C800FEE0D0 /* AFHTTPRequestOperationManager.h */ = {isa = PBXFileReference; fileEncoding = 4; lastKnownFileType = sourcecode.c.h; path = AFHTTPRequestOperationManager.h; sourceTree = "<group>"; };
		B62449291A7391C800FEE0D0 /* AFHTTPRequestOperationManager.m */ = {isa = PBXFileReference; fileEncoding = 4; lastKnownFileType = sourcecode.c.objc; path = AFHTTPRequestOperationManager.m; sourceTree = "<group>"; };
		B624492A1A7391C800FEE0D0 /* AFHTTPSessionManager.h */ = {isa = PBXFileReference; fileEncoding = 4; lastKnownFileType = sourcecode.c.h; path = AFHTTPSessionManager.h; sourceTree = "<group>"; };
		B624492B1A7391C800FEE0D0 /* AFHTTPSessionManager.m */ = {isa = PBXFileReference; fileEncoding = 4; lastKnownFileType = sourcecode.c.objc; path = AFHTTPSessionManager.m; sourceTree = "<group>"; };
		B624492C1A7391C800FEE0D0 /* AFNetworking.h */ = {isa = PBXFileReference; fileEncoding = 4; lastKnownFileType = sourcecode.c.h; path = AFNetworking.h; sourceTree = "<group>"; };
		B624492D1A7391C800FEE0D0 /* AFNetworkReachabilityManager.h */ = {isa = PBXFileReference; fileEncoding = 4; lastKnownFileType = sourcecode.c.h; path = AFNetworkReachabilityManager.h; sourceTree = "<group>"; };
		B624492E1A7391C800FEE0D0 /* AFNetworkReachabilityManager.m */ = {isa = PBXFileReference; fileEncoding = 4; lastKnownFileType = sourcecode.c.objc; path = AFNetworkReachabilityManager.m; sourceTree = "<group>"; };
		B624492F1A7391C800FEE0D0 /* AFSecurityPolicy.h */ = {isa = PBXFileReference; fileEncoding = 4; lastKnownFileType = sourcecode.c.h; path = AFSecurityPolicy.h; sourceTree = "<group>"; };
		B62449301A7391C800FEE0D0 /* AFSecurityPolicy.m */ = {isa = PBXFileReference; fileEncoding = 4; lastKnownFileType = sourcecode.c.objc; path = AFSecurityPolicy.m; sourceTree = "<group>"; };
		B62449311A7391C800FEE0D0 /* AFURLConnectionOperation.h */ = {isa = PBXFileReference; fileEncoding = 4; lastKnownFileType = sourcecode.c.h; path = AFURLConnectionOperation.h; sourceTree = "<group>"; };
		B62449321A7391C800FEE0D0 /* AFURLConnectionOperation.m */ = {isa = PBXFileReference; fileEncoding = 4; lastKnownFileType = sourcecode.c.objc; path = AFURLConnectionOperation.m; sourceTree = "<group>"; };
		B62449331A7391C800FEE0D0 /* AFURLRequestSerialization.h */ = {isa = PBXFileReference; fileEncoding = 4; lastKnownFileType = sourcecode.c.h; path = AFURLRequestSerialization.h; sourceTree = "<group>"; };
		B62449341A7391C800FEE0D0 /* AFURLRequestSerialization.m */ = {isa = PBXFileReference; fileEncoding = 4; lastKnownFileType = sourcecode.c.objc; path = AFURLRequestSerialization.m; sourceTree = "<group>"; };
		B62449351A7391C800FEE0D0 /* AFURLResponseSerialization.h */ = {isa = PBXFileReference; fileEncoding = 4; lastKnownFileType = sourcecode.c.h; path = AFURLResponseSerialization.h; sourceTree = "<group>"; };
		B62449361A7391C800FEE0D0 /* AFURLResponseSerialization.m */ = {isa = PBXFileReference; fileEncoding = 4; lastKnownFileType = sourcecode.c.objc; path = AFURLResponseSerialization.m; sourceTree = "<group>"; };
		B62449371A7391C800FEE0D0 /* AFURLSessionManager.h */ = {isa = PBXFileReference; fileEncoding = 4; lastKnownFileType = sourcecode.c.h; path = AFURLSessionManager.h; sourceTree = "<group>"; };
		B62449381A7391C800FEE0D0 /* AFURLSessionManager.m */ = {isa = PBXFileReference; fileEncoding = 4; lastKnownFileType = sourcecode.c.objc; path = AFURLSessionManager.m; sourceTree = "<group>"; };
		B62449431A7391D200FEE0D0 /* AFNetworkActivityIndicatorManager.h */ = {isa = PBXFileReference; fileEncoding = 4; lastKnownFileType = sourcecode.c.h; path = AFNetworkActivityIndicatorManager.h; sourceTree = "<group>"; };
		B62449441A7391D200FEE0D0 /* AFNetworkActivityIndicatorManager.m */ = {isa = PBXFileReference; fileEncoding = 4; lastKnownFileType = sourcecode.c.objc; path = AFNetworkActivityIndicatorManager.m; sourceTree = "<group>"; };
		B62449451A7391D200FEE0D0 /* UIActivityIndicatorView+AFNetworking.h */ = {isa = PBXFileReference; fileEncoding = 4; lastKnownFileType = sourcecode.c.h; path = "UIActivityIndicatorView+AFNetworking.h"; sourceTree = "<group>"; };
		B62449461A7391D200FEE0D0 /* UIActivityIndicatorView+AFNetworking.m */ = {isa = PBXFileReference; fileEncoding = 4; lastKnownFileType = sourcecode.c.objc; path = "UIActivityIndicatorView+AFNetworking.m"; sourceTree = "<group>"; };
		B62449471A7391D200FEE0D0 /* UIAlertView+AFNetworking.h */ = {isa = PBXFileReference; fileEncoding = 4; lastKnownFileType = sourcecode.c.h; path = "UIAlertView+AFNetworking.h"; sourceTree = "<group>"; };
		B62449481A7391D200FEE0D0 /* UIAlertView+AFNetworking.m */ = {isa = PBXFileReference; fileEncoding = 4; lastKnownFileType = sourcecode.c.objc; path = "UIAlertView+AFNetworking.m"; sourceTree = "<group>"; };
		B62449491A7391D200FEE0D0 /* UIButton+AFNetworking.h */ = {isa = PBXFileReference; fileEncoding = 4; lastKnownFileType = sourcecode.c.h; path = "UIButton+AFNetworking.h"; sourceTree = "<group>"; };
		B624494A1A7391D200FEE0D0 /* UIButton+AFNetworking.m */ = {isa = PBXFileReference; fileEncoding = 4; lastKnownFileType = sourcecode.c.objc; path = "UIButton+AFNetworking.m"; sourceTree = "<group>"; };
		B624494B1A7391D200FEE0D0 /* UIImageView+AFNetworking.h */ = {isa = PBXFileReference; fileEncoding = 4; lastKnownFileType = sourcecode.c.h; path = "UIImageView+AFNetworking.h"; sourceTree = "<group>"; };
		B624494C1A7391D200FEE0D0 /* UIImageView+AFNetworking.m */ = {isa = PBXFileReference; fileEncoding = 4; lastKnownFileType = sourcecode.c.objc; path = "UIImageView+AFNetworking.m"; sourceTree = "<group>"; };
		B624494D1A7391D200FEE0D0 /* UIKit+AFNetworking.h */ = {isa = PBXFileReference; fileEncoding = 4; lastKnownFileType = sourcecode.c.h; path = "UIKit+AFNetworking.h"; sourceTree = "<group>"; };
		B624494E1A7391D200FEE0D0 /* UIProgressView+AFNetworking.h */ = {isa = PBXFileReference; fileEncoding = 4; lastKnownFileType = sourcecode.c.h; path = "UIProgressView+AFNetworking.h"; sourceTree = "<group>"; };
		B624494F1A7391D200FEE0D0 /* UIProgressView+AFNetworking.m */ = {isa = PBXFileReference; fileEncoding = 4; lastKnownFileType = sourcecode.c.objc; path = "UIProgressView+AFNetworking.m"; sourceTree = "<group>"; };
		B62449501A7391D200FEE0D0 /* UIRefreshControl+AFNetworking.h */ = {isa = PBXFileReference; fileEncoding = 4; lastKnownFileType = sourcecode.c.h; path = "UIRefreshControl+AFNetworking.h"; sourceTree = "<group>"; };
		B62449511A7391D200FEE0D0 /* UIRefreshControl+AFNetworking.m */ = {isa = PBXFileReference; fileEncoding = 4; lastKnownFileType = sourcecode.c.objc; path = "UIRefreshControl+AFNetworking.m"; sourceTree = "<group>"; };
		B62449521A7391D200FEE0D0 /* UIWebView+AFNetworking.h */ = {isa = PBXFileReference; fileEncoding = 4; lastKnownFileType = sourcecode.c.h; path = "UIWebView+AFNetworking.h"; sourceTree = "<group>"; };
		B62449531A7391D200FEE0D0 /* UIWebView+AFNetworking.m */ = {isa = PBXFileReference; fileEncoding = 4; lastKnownFileType = sourcecode.c.objc; path = "UIWebView+AFNetworking.m"; sourceTree = "<group>"; };
		B624495C1A74047400FEE0D0 /* SpecialsViewController.h */ = {isa = PBXFileReference; fileEncoding = 4; lastKnownFileType = sourcecode.c.h; path = SpecialsViewController.h; sourceTree = "<group>"; };
		B624495D1A74047400FEE0D0 /* SpecialsViewController.m */ = {isa = PBXFileReference; fileEncoding = 4; lastKnownFileType = sourcecode.c.objc; path = SpecialsViewController.m; sourceTree = "<group>"; };
		B62449631A740C1900FEE0D0 /* User.h */ = {isa = PBXFileReference; fileEncoding = 4; lastKnownFileType = sourcecode.c.h; path = User.h; sourceTree = "<group>"; };
		B62449641A740C1900FEE0D0 /* User.m */ = {isa = PBXFileReference; fileEncoding = 4; lastKnownFileType = sourcecode.c.objc; path = User.m; sourceTree = "<group>"; };
		B62449661A7424D600FEE0D0 /* AppointmentViewController.h */ = {isa = PBXFileReference; fileEncoding = 4; lastKnownFileType = sourcecode.c.h; path = AppointmentViewController.h; sourceTree = "<group>"; };
		B62449671A7424D600FEE0D0 /* AppointmentViewController.m */ = {isa = PBXFileReference; fileEncoding = 4; lastKnownFileType = sourcecode.c.objc; path = AppointmentViewController.m; sourceTree = "<group>"; };
		B624496C1A7427B100FEE0D0 /* DealershipViewController.h */ = {isa = PBXFileReference; fileEncoding = 4; lastKnownFileType = sourcecode.c.h; path = DealershipViewController.h; sourceTree = "<group>"; };
		B624496D1A7427B100FEE0D0 /* DealershipViewController.m */ = {isa = PBXFileReference; fileEncoding = 4; lastKnownFileType = sourcecode.c.objc; path = DealershipViewController.m; sourceTree = "<group>"; };
		B62449731A74343600FEE0D0 /* AddressAnnotation.h */ = {isa = PBXFileReference; fileEncoding = 4; lastKnownFileType = sourcecode.c.h; path = AddressAnnotation.h; sourceTree = "<group>"; };
		B62449741A74343600FEE0D0 /* AddressAnnotation.m */ = {isa = PBXFileReference; fileEncoding = 4; lastKnownFileType = sourcecode.c.objc; path = AddressAnnotation.m; sourceTree = "<group>"; };
		B62449781A74600A00FEE0D0 /* wavelink.png */ = {isa = PBXFileReference; lastKnownFileType = image.png; path = wavelink.png; sourceTree = "<group>"; };
		B624497A1A7464E000FEE0D0 /* wavelink-white.png */ = {isa = PBXFileReference; lastKnownFileType = image.png; path = "wavelink-white.png"; sourceTree = "<group>"; };
		B624497C1A7465D900FEE0D0 /* wavelink-grayscale.png */ = {isa = PBXFileReference; lastKnownFileType = image.png; path = "wavelink-grayscale.png"; sourceTree = "<group>"; };
		B62449821A74736A00FEE0D0 /* specials.png */ = {isa = PBXFileReference; lastKnownFileType = image.png; path = specials.png; sourceTree = "<group>"; };
		B62449861A7473EB00FEE0D0 /* payment.png */ = {isa = PBXFileReference; lastKnownFileType = image.png; path = payment.png; sourceTree = "<group>"; };
		B62449881A7475F100FEE0D0 /* phone.png */ = {isa = PBXFileReference; lastKnownFileType = image.png; path = phone.png; sourceTree = "<group>"; };
		B624498A1A7479F400FEE0D0 /* email.png */ = {isa = PBXFileReference; lastKnownFileType = image.png; path = email.png; sourceTree = "<group>"; };
		B62A84521A2EBAD000B6A799 /* montage2.png */ = {isa = PBXFileReference; lastKnownFileType = image.png; path = montage2.png; sourceTree = "<group>"; };
		B62A84541A2EC68200B6A799 /* winter-event.jpg */ = {isa = PBXFileReference; lastKnownFileType = image.jpeg; path = "winter-event.jpg"; sourceTree = "<group>"; };
		B62A84551A2EC68200B6A799 /* 2015-cls-class.jpg */ = {isa = PBXFileReference; lastKnownFileType = image.jpeg; path = "2015-cls-class.jpg"; sourceTree = "<group>"; };
		B62A84591A2ECC4100B6A799 /* UIColor+FlatUI.h */ = {isa = PBXFileReference; fileEncoding = 4; lastKnownFileType = sourcecode.c.h; path = "UIColor+FlatUI.h"; sourceTree = "<group>"; };
		B62A845A1A2ECC4100B6A799 /* UIColor+FlatUI.m */ = {isa = PBXFileReference; fileEncoding = 4; lastKnownFileType = sourcecode.c.objc; path = "UIColor+FlatUI.m"; sourceTree = "<group>"; };
		B64620CE1A2C432400523159 /* HomeViewController.h */ = {isa = PBXFileReference; fileEncoding = 4; lastKnownFileType = sourcecode.c.h; path = HomeViewController.h; sourceTree = "<group>"; };
		B64620CF1A2C432400523159 /* HomeViewController.m */ = {isa = PBXFileReference; fileEncoding = 4; lastKnownFileType = sourcecode.c.objc; path = HomeViewController.m; sourceTree = "<group>"; };
		B64620D21A2C479000523159 /* logo-tagline-white.png */ = {isa = PBXFileReference; lastKnownFileType = image.png; path = "logo-tagline-white.png"; sourceTree = "<group>"; };
		B64620DC1A2C4EF700523159 /* launch.jpg */ = {isa = PBXFileReference; lastKnownFileType = image.jpeg; path = launch.jpg; sourceTree = "<group>"; };
		B64620E01A2C5B1700523159 /* nav.png */ = {isa = PBXFileReference; lastKnownFileType = image.png; path = nav.png; sourceTree = "<group>"; };
		B64620E21A2C5C4B00523159 /* pre-owned-special.jpeg */ = {isa = PBXFileReference; lastKnownFileType = image.jpeg; path = "pre-owned-special.jpeg"; sourceTree = "<group>"; };
		B646211D1A2DA9AA00523159 /* facebook-login.png */ = {isa = PBXFileReference; lastKnownFileType = image.png; path = "facebook-login.png"; sourceTree = "<group>"; };
		B646211F1A2DA9AD00523159 /* google-login.png */ = {isa = PBXFileReference; lastKnownFileType = image.png; path = "google-login.png"; sourceTree = "<group>"; };
		B64621211A2DB12F00523159 /* montage.png */ = {isa = PBXFileReference; lastKnownFileType = image.png; path = montage.png; sourceTree = "<group>"; };
		B65C7B1E1AB12DA900B7F36A /* ProgressHUD.bundle */ = {isa = PBXFileReference; lastKnownFileType = "wrapper.plug-in"; path = ProgressHUD.bundle; sourceTree = "<group>"; };
		B65C7B201AB1763900B7F36A /* UrlViewController.h */ = {isa = PBXFileReference; fileEncoding = 4; lastKnownFileType = sourcecode.c.h; path = UrlViewController.h; sourceTree = "<group>"; };
		B65C7B211AB1763900B7F36A /* UrlViewController.m */ = {isa = PBXFileReference; fileEncoding = 4; lastKnownFileType = sourcecode.c.objc; path = UrlViewController.m; sourceTree = "<group>"; };
		B65C7B231AB299C400B7F36A /* facebook.png */ = {isa = PBXFileReference; lastKnownFileType = image.png; path = facebook.png; sourceTree = "<group>"; };
		B65C7B251AB299C900B7F36A /* twitter.png */ = {isa = PBXFileReference; lastKnownFileType = image.png; path = twitter.png; sourceTree = "<group>"; };
		B673C86D1A294BFA00D3D55F /* Mercedes-Benz of Columbus.app */ = {isa = PBXFileReference; explicitFileType = wrapper.application; includeInIndex = 0; path = "Mercedes-Benz of Columbus.app"; sourceTree = BUILT_PRODUCTS_DIR; };
		B673C8711A294BFA00D3D55F /* Info.plist */ = {isa = PBXFileReference; lastKnownFileType = text.plist.xml; path = Info.plist; sourceTree = "<group>"; };
		B673C8721A294BFA00D3D55F /* main.m */ = {isa = PBXFileReference; lastKnownFileType = sourcecode.c.objc; path = main.m; sourceTree = "<group>"; };
		B673C8741A294BFA00D3D55F /* AppDelegate.h */ = {isa = PBXFileReference; lastKnownFileType = sourcecode.c.h; path = AppDelegate.h; sourceTree = "<group>"; };
		B673C8751A294BFA00D3D55F /* AppDelegate.m */ = {isa = PBXFileReference; lastKnownFileType = sourcecode.c.objc; path = AppDelegate.m; sourceTree = "<group>"; };
		B673C87B1A294BFA00D3D55F /* Base */ = {isa = PBXFileReference; lastKnownFileType = file.storyboard; name = Base; path = Base.lproj/Main.storyboard; sourceTree = "<group>"; };
		B673C87D1A294BFA00D3D55F /* Images.xcassets */ = {isa = PBXFileReference; lastKnownFileType = folder.assetcatalog; path = Images.xcassets; sourceTree = "<group>"; };
		B673C8801A294BFA00D3D55F /* Base */ = {isa = PBXFileReference; lastKnownFileType = file.xib; name = Base; path = Base.lproj/LaunchScreen.xib; sourceTree = "<group>"; };
		B673C8861A294BFA00D3D55F /* Mercedes-Benz of ColumbusTests.xctest */ = {isa = PBXFileReference; explicitFileType = wrapper.cfbundle; includeInIndex = 0; path = "Mercedes-Benz of ColumbusTests.xctest"; sourceTree = BUILT_PRODUCTS_DIR; };
		B673C88B1A294BFA00D3D55F /* Info.plist */ = {isa = PBXFileReference; lastKnownFileType = text.plist.xml; path = Info.plist; sourceTree = "<group>"; };
		B673C88C1A294BFA00D3D55F /* Mercedes_Benz_of_ColumbusTests.m */ = {isa = PBXFileReference; lastKnownFileType = sourcecode.c.objc; path = Mercedes_Benz_of_ColumbusTests.m; sourceTree = "<group>"; };
		B686B1D21A8AF4C300928565 /* engine_start_button.png */ = {isa = PBXFileReference; lastKnownFileType = image.png; path = engine_start_button.png; sourceTree = "<group>"; };
		B686B1D41A8B0B2500928565 /* InventoryViewController.h */ = {isa = PBXFileReference; fileEncoding = 4; lastKnownFileType = sourcecode.c.h; path = InventoryViewController.h; sourceTree = "<group>"; };
		B686B1D51A8B0B2500928565 /* InventoryViewController.m */ = {isa = PBXFileReference; fileEncoding = 4; lastKnownFileType = sourcecode.c.objc; path = InventoryViewController.m; sourceTree = "<group>"; };
		B686B1D91A8B440800928565 /* empty.png */ = {isa = PBXFileReference; lastKnownFileType = image.png; path = empty.png; sourceTree = "<group>"; };
		B696283E1AA3CB3500DC7A50 /* FUIButton.h */ = {isa = PBXFileReference; fileEncoding = 4; lastKnownFileType = sourcecode.c.h; path = FUIButton.h; sourceTree = "<group>"; };
		B696283F1AA3CB3500DC7A50 /* FUIButton.m */ = {isa = PBXFileReference; fileEncoding = 4; lastKnownFileType = sourcecode.c.objc; path = FUIButton.m; sourceTree = "<group>"; };
		B69628411AA3CFC100DC7A50 /* UIImage+FlatUI.h */ = {isa = PBXFileReference; fileEncoding = 4; lastKnownFileType = sourcecode.c.h; path = "UIImage+FlatUI.h"; sourceTree = "<group>"; };
		B69628421AA3CFC100DC7A50 /* UIImage+FlatUI.m */ = {isa = PBXFileReference; fileEncoding = 4; lastKnownFileType = sourcecode.c.objc; path = "UIImage+FlatUI.m"; sourceTree = "<group>"; };
		B69628451AA3E8C800DC7A50 /* VPImageCropperViewController.h */ = {isa = PBXFileReference; fileEncoding = 4; lastKnownFileType = sourcecode.c.h; path = VPImageCropperViewController.h; sourceTree = "<group>"; };
		B69628461AA3E8C800DC7A50 /* VPImageCropperViewController.m */ = {isa = PBXFileReference; fileEncoding = 4; lastKnownFileType = sourcecode.c.objc; path = VPImageCropperViewController.m; sourceTree = "<group>"; };
		B6A048891A8C4D3B00C0F8D7 /* VehicleViewController.h */ = {isa = PBXFileReference; fileEncoding = 4; lastKnownFileType = sourcecode.c.h; path = VehicleViewController.h; sourceTree = "<group>"; };
		B6A0488A1A8C4D3B00C0F8D7 /* VehicleViewController.m */ = {isa = PBXFileReference; fileEncoding = 4; lastKnownFileType = sourcecode.c.objc; path = VehicleViewController.m; sourceTree = "<group>"; };
		B6A0488C1A8C6AD000C0F8D7 /* text-veil.png */ = {isa = PBXFileReference; lastKnownFileType = image.png; path = "text-veil.png"; sourceTree = "<group>"; };
		B6A048941A8C810500C0F8D7 /* backgroundA.png */ = {isa = PBXFileReference; lastKnownFileType = image.png; path = backgroundA.png; sourceTree = "<group>"; };
		B6A048961A8C811800C0F8D7 /* backgroundB.png */ = {isa = PBXFileReference; lastKnownFileType = image.png; path = backgroundB.png; sourceTree = "<group>"; };
		B6A048981A8C818700C0F8D7 /* backgroundC.png */ = {isa = PBXFileReference; lastKnownFileType = image.png; path = backgroundC.png; sourceTree = "<group>"; };
		B6A0489C1A8C842C00C0F8D7 /* night-road-blurry.png */ = {isa = PBXFileReference; lastKnownFileType = image.png; path = "night-road-blurry.png"; sourceTree = "<group>"; };
		B6A0489E1A8C8B8A00C0F8D7 /* backgroundD.png */ = {isa = PBXFileReference; lastKnownFileType = image.png; path = backgroundD.png; sourceTree = "<group>"; };
		B6A048A61A8C9CAE00C0F8D7 /* no-vehicle-image.png */ = {isa = PBXFileReference; lastKnownFileType = image.png; path = "no-vehicle-image.png"; sourceTree = "<group>"; };
		B6A048A81A8C9F4600C0F8D7 /* roadside.png */ = {isa = PBXFileReference; lastKnownFileType = image.png; path = roadside.png; sourceTree = "<group>"; };
		B6A048AA1A8C9F4C00C0F8D7 /* parts.png */ = {isa = PBXFileReference; lastKnownFileType = image.png; path = parts.png; sourceTree = "<group>"; };
		B6A6C8C11A8CA21300C2802A /* dealership.png */ = {isa = PBXFileReference; lastKnownFileType = image.png; path = dealership.png; sourceTree = "<group>"; };
		B6DA2F251A71F75D004D646E /* menuCell.h */ = {isa = PBXFileReference; fileEncoding = 4; lastKnownFileType = sourcecode.c.h; path = menuCell.h; sourceTree = "<group>"; };
		B6DA2F261A71F75D004D646E /* menuCell.m */ = {isa = PBXFileReference; fileEncoding = 4; lastKnownFileType = sourcecode.c.objc; path = menuCell.m; sourceTree = "<group>"; };
		B6DA2F281A733874004D646E /* Common.h */ = {isa = PBXFileReference; fileEncoding = 4; lastKnownFileType = sourcecode.c.h; path = Common.h; sourceTree = "<group>"; };
		B6DA2F291A733874004D646E /* Common.m */ = {isa = PBXFileReference; fileEncoding = 4; lastKnownFileType = sourcecode.c.objc; path = Common.m; sourceTree = "<group>"; };
		B6DA2F351A7354C2004D646E /* warranty.png */ = {isa = PBXFileReference; lastKnownFileType = image.png; path = warranty.png; sourceTree = "<group>"; };
		B6DA2F391A735515004D646E /* account.png */ = {isa = PBXFileReference; lastKnownFileType = image.png; path = account.png; sourceTree = "<group>"; };
		B6DA2F3B1A73555A004D646E /* contact.png */ = {isa = PBXFileReference; lastKnownFileType = image.png; path = contact.png; sourceTree = "<group>"; };
		B6DA2F3D1A735579004D646E /* service.png */ = {isa = PBXFileReference; lastKnownFileType = image.png; path = service.png; sourceTree = "<group>"; };
		B6DA2F3F1A7355BC004D646E /* appointment.png */ = {isa = PBXFileReference; lastKnownFileType = image.png; path = appointment.png; sourceTree = "<group>"; };
		B6DA2F431A735927004D646E /* specialsCell.h */ = {isa = PBXFileReference; fileEncoding = 4; lastKnownFileType = sourcecode.c.h; path = specialsCell.h; sourceTree = "<group>"; };
		B6DA2F441A735927004D646E /* specialsCell.m */ = {isa = PBXFileReference; fileEncoding = 4; lastKnownFileType = sourcecode.c.objc; path = specialsCell.m; sourceTree = "<group>"; };
/* End PBXFileReference section */

/* Begin PBXFrameworksBuildPhase section */
		B673C86A1A294BFA00D3D55F /* Frameworks */ = {
			isa = PBXFrameworksBuildPhase;
			buildActionMask = 2147483647;
			files = (
				2AAD6DF61A64D5AB00AC80D4 /* MapKit.framework in Frameworks */,
				B61CCE9F1AA31D3400A24F45 /* FacebookSDK.framework in Frameworks */,
				B61CCE9B1AA31B7800A24F45 /* TwitterKit.framework in Frameworks */,
				B61CCE9D1AA31B7800A24F45 /* Fabric.framework in Frameworks */,
			);
			runOnlyForDeploymentPostprocessing = 0;
		};
		B673C8831A294BFA00D3D55F /* Frameworks */ = {
			isa = PBXFrameworksBuildPhase;
			buildActionMask = 2147483647;
			files = (
			);
			runOnlyForDeploymentPostprocessing = 0;
		};
/* End PBXFrameworksBuildPhase section */

/* Begin PBXGroup section */
		B61CCA5A1AA16EF900A24F45 /* Frameworks */ = {
			isa = PBXGroup;
			children = (
			);
			name = Frameworks;
			sourceTree = "<group>";
		};
		B61CCC3D1AA180AB00A24F45 /* ACSimpleKeychain */ = {
			isa = PBXGroup;
			children = (
				B61CCC3E1AA180AB00A24F45 /* ACSimpleKeychain.h */,
				B61CCC3F1AA180AB00A24F45 /* ACSimpleKeychain.m */,
			);
			path = ACSimpleKeychain;
			sourceTree = "<group>";
		};
		B61CCC411AA181AF00A24F45 /* Appirater */ = {
			isa = PBXGroup;
			children = (
				B61CCC421AA181AF00A24F45 /* Appirater.h */,
				B61CCC431AA181AF00A24F45 /* Appirater.m */,
				B61CCC441AA181AF00A24F45 /* AppiraterDelegate.h */,
				B61CCC451AA181AF00A24F45 /* AppiraterLocalizable.strings */,
			);
			path = Appirater;
			sourceTree = "<group>";
		};
		B61CCC6F1AA2BCE900A24F45 /* ProgressHUD */ = {
			isa = PBXGroup;
			children = (
				B65C7B1E1AB12DA900B7F36A /* ProgressHUD.bundle */,
				B61CCC801AA2BCE900A24F45 /* ProgressHUD.h */,
				B61CCC811AA2BCE900A24F45 /* ProgressHUD.m */,
			);
			path = ProgressHUD;
			sourceTree = "<group>";
		};
		B61CCC8E1AA2BD3600A24F45 /* WSCoachMarks */ = {
			isa = PBXGroup;
			children = (
				B61CCC8F1AA2BD6200A24F45 /* WSCoachMarksView.h */,
				B61CCC901AA2BD6200A24F45 /* WSCoachMarksView.m */,
			);
			name = WSCoachMarks;
			sourceTree = "<group>";
		};
		B62449211A738C0200FEE0D0 /* Categories */ = {
			isa = PBXGroup;
			children = (
				B62449221A738CE200FEE0D0 /* UIColor+Custom.h */,
				B62449231A738CE200FEE0D0 /* UIColor+Custom.m */,
			);
			name = Categories;
			sourceTree = "<group>";
		};
		B62449251A7391C800FEE0D0 /* AFNetworking */ = {
			isa = PBXGroup;
			children = (
				B62449261A7391C800FEE0D0 /* AFHTTPRequestOperation.h */,
				B62449271A7391C800FEE0D0 /* AFHTTPRequestOperation.m */,
				B62449281A7391C800FEE0D0 /* AFHTTPRequestOperationManager.h */,
				B62449291A7391C800FEE0D0 /* AFHTTPRequestOperationManager.m */,
				B624492A1A7391C800FEE0D0 /* AFHTTPSessionManager.h */,
				B624492B1A7391C800FEE0D0 /* AFHTTPSessionManager.m */,
				B624492C1A7391C800FEE0D0 /* AFNetworking.h */,
				B624492D1A7391C800FEE0D0 /* AFNetworkReachabilityManager.h */,
				B624492E1A7391C800FEE0D0 /* AFNetworkReachabilityManager.m */,
				B624492F1A7391C800FEE0D0 /* AFSecurityPolicy.h */,
				B62449301A7391C800FEE0D0 /* AFSecurityPolicy.m */,
				B62449311A7391C800FEE0D0 /* AFURLConnectionOperation.h */,
				B62449321A7391C800FEE0D0 /* AFURLConnectionOperation.m */,
				B62449331A7391C800FEE0D0 /* AFURLRequestSerialization.h */,
				B62449341A7391C800FEE0D0 /* AFURLRequestSerialization.m */,
				B62449351A7391C800FEE0D0 /* AFURLResponseSerialization.h */,
				B62449361A7391C800FEE0D0 /* AFURLResponseSerialization.m */,
				B62449371A7391C800FEE0D0 /* AFURLSessionManager.h */,
				B62449381A7391C800FEE0D0 /* AFURLSessionManager.m */,
			);
			path = AFNetworking;
			sourceTree = "<group>";
		};
		B62449421A7391D200FEE0D0 /* UIKit+AFNetworking */ = {
			isa = PBXGroup;
			children = (
				B62449431A7391D200FEE0D0 /* AFNetworkActivityIndicatorManager.h */,
				B62449441A7391D200FEE0D0 /* AFNetworkActivityIndicatorManager.m */,
				B62449451A7391D200FEE0D0 /* UIActivityIndicatorView+AFNetworking.h */,
				B62449461A7391D200FEE0D0 /* UIActivityIndicatorView+AFNetworking.m */,
				B62449471A7391D200FEE0D0 /* UIAlertView+AFNetworking.h */,
				B62449481A7391D200FEE0D0 /* UIAlertView+AFNetworking.m */,
				B62449491A7391D200FEE0D0 /* UIButton+AFNetworking.h */,
				B624494A1A7391D200FEE0D0 /* UIButton+AFNetworking.m */,
				B624494B1A7391D200FEE0D0 /* UIImageView+AFNetworking.h */,
				B624494C1A7391D200FEE0D0 /* UIImageView+AFNetworking.m */,
				B624494D1A7391D200FEE0D0 /* UIKit+AFNetworking.h */,
				B624494E1A7391D200FEE0D0 /* UIProgressView+AFNetworking.h */,
				B624494F1A7391D200FEE0D0 /* UIProgressView+AFNetworking.m */,
				B62449501A7391D200FEE0D0 /* UIRefreshControl+AFNetworking.h */,
				B62449511A7391D200FEE0D0 /* UIRefreshControl+AFNetworking.m */,
				B62449521A7391D200FEE0D0 /* UIWebView+AFNetworking.h */,
				B62449531A7391D200FEE0D0 /* UIWebView+AFNetworking.m */,
			);
			path = "UIKit+AFNetworking";
			sourceTree = "<group>";
		};
		B62449721A74340D00FEE0D0 /* AddressAnnotation */ = {
			isa = PBXGroup;
			children = (
				B62449731A74343600FEE0D0 /* AddressAnnotation.h */,
				B62449741A74343600FEE0D0 /* AddressAnnotation.m */,
			);
			name = AddressAnnotation;
			sourceTree = "<group>";
		};
		B62A84581A2ECC1900B6A799 /* FlatUIKit */ = {
			isa = PBXGroup;
			children = (
				B696283E1AA3CB3500DC7A50 /* FUIButton.h */,
				B696283F1AA3CB3500DC7A50 /* FUIButton.m */,
				B62A84591A2ECC4100B6A799 /* UIColor+FlatUI.h */,
				B62A845A1A2ECC4100B6A799 /* UIColor+FlatUI.m */,
				B69628411AA3CFC100DC7A50 /* UIImage+FlatUI.h */,
				B69628421AA3CFC100DC7A50 /* UIImage+FlatUI.m */,
			);
			name = FlatUIKit;
			sourceTree = "<group>";
		};
		B64620D11A2C475900523159 /* Images */ = {
			isa = PBXGroup;
			children = (
				B65C7B231AB299C400B7F36A /* facebook.png */,
				B65C7B251AB299C900B7F36A /* twitter.png */,
				B6A0488C1A8C6AD000C0F8D7 /* text-veil.png */,
				B6A048941A8C810500C0F8D7 /* backgroundA.png */,
				B6A048961A8C811800C0F8D7 /* backgroundB.png */,
				B6A048981A8C818700C0F8D7 /* backgroundC.png */,
				B6A0489E1A8C8B8A00C0F8D7 /* backgroundD.png */,
				B6A0489C1A8C842C00C0F8D7 /* night-road-blurry.png */,
				B6A048A61A8C9CAE00C0F8D7 /* no-vehicle-image.png */,
				B686B1D21A8AF4C300928565 /* engine_start_button.png */,
				B6A048A81A8C9F4600C0F8D7 /* roadside.png */,
				B6A048AA1A8C9F4C00C0F8D7 /* parts.png */,
				2AC9D0141A9A8259007E6228 /* car.png */,
				B6A6C8C11A8CA21300C2802A /* dealership.png */,
				2AC9D0161A9A8ADE007E6228 /* blend_blur.jpg */,
				2AC9D0171A9A8ADE007E6228 /* g_class_blur.png */,
				2AC9D00B1A9A7C7D007E6228 /* inside_blur.jpg */,
				2AC9D00C1A9A7C7D007E6228 /* lights_blur.jpg */,
				2AC9D00D1A9A7C7D007E6228 /* mercedes_lights.jpg */,
				B686B1D91A8B440800928565 /* empty.png */,
				2A3160281A8C4E470014E19D /* arrow.png */,
				B61D6D891A7773220065DC4A /* checked.png */,
				B61D6D851A7773010065DC4A /* unchecked.png */,
				B624491F1A738A9D00FEE0D0 /* showroom.png */,
				B6DA2F351A7354C2004D646E /* warranty.png */,
				B6DA2F3F1A7355BC004D646E /* appointment.png */,
				B6DA2F391A735515004D646E /* account.png */,
				B62449861A7473EB00FEE0D0 /* payment.png */,
				B6DA2F3B1A73555A004D646E /* contact.png */,
				B6DA2F3D1A735579004D646E /* service.png */,
				2A31602E1A8C525E0014E19D /* share.png */,
				B62449821A74736A00FEE0D0 /* specials.png */,
				2AC9D07D1AA57ADC007E6228 /* gray-video.png */,
				B62449881A7475F100FEE0D0 /* phone.png */,
				2AC9D0771AA57911007E6228 /* video.png */,
				B624498A1A7479F400FEE0D0 /* email.png */,
				B62449781A74600A00FEE0D0 /* wavelink.png */,
				B624497A1A7464E000FEE0D0 /* wavelink-white.png */,
				B624497C1A7465D900FEE0D0 /* wavelink-grayscale.png */,
				B646211D1A2DA9AA00523159 /* facebook-login.png */,
				2ADE8E6D1AAE936F005F1EAE /* flag.jpg */,
				B646211F1A2DA9AD00523159 /* google-login.png */,
				2ADE8E721AAE9932005F1EAE /* thumb.png */,
				B64621211A2DB12F00523159 /* montage.png */,
				B62A84521A2EBAD000B6A799 /* montage2.png */,
				B62A84541A2EC68200B6A799 /* winter-event.jpg */,
				B62A84551A2EC68200B6A799 /* 2015-cls-class.jpg */,
				2AE777A41A2D4EC200BA926D /* image.jpg */,
				2AE777A51A2D4EC200BA926D /* logo.jpg */,
				2AE777A61A2D4EC200BA926D /* MercedesLogo.png */,
				2AE777A71A2D4EC200BA926D /* startBG.png */,
				B64620E21A2C5C4B00523159 /* pre-owned-special.jpeg */,
				B64620E01A2C5B1700523159 /* nav.png */,
				B64620DC1A2C4EF700523159 /* launch.jpg */,
				B64620D21A2C479000523159 /* logo-tagline-white.png */,
			);
			name = Images;
			sourceTree = "<group>";
		};
		B673C8641A294BFA00D3D55F = {
			isa = PBXGroup;
			children = (
				B673C86F1A294BFA00D3D55F /* Mercedes-Benz of Columbus */,
				B673C8891A294BFA00D3D55F /* Mercedes-Benz of ColumbusTests */,
				B673C86E1A294BFA00D3D55F /* Products */,
				B61CCE9E1AA31D3400A24F45 /* FacebookSDK.framework */,
				B61CCE981AA31B7800A24F45 /* TwitterKit.framework */,
				B61CCE991AA31B7800A24F45 /* TwitterKitResources.bundle */,
				B61CCE9A1AA31B7800A24F45 /* Fabric.framework */,
				2AAD6DF51A64D5AB00AC80D4 /* MapKit.framework */,
			);
			sourceTree = "<group>";
		};
		B673C86E1A294BFA00D3D55F /* Products */ = {
			isa = PBXGroup;
			children = (
				B673C86D1A294BFA00D3D55F /* Mercedes-Benz of Columbus.app */,
				B673C8861A294BFA00D3D55F /* Mercedes-Benz of ColumbusTests.xctest */,
			);
			name = Products;
			sourceTree = "<group>";
		};
		B673C86F1A294BFA00D3D55F /* Mercedes-Benz of Columbus */ = {
			isa = PBXGroup;
			children = (
				B64620D11A2C475900523159 /* Images */,
				B673C8741A294BFA00D3D55F /* AppDelegate.h */,
				B673C8751A294BFA00D3D55F /* AppDelegate.m */,
				2AE7779E1A2D4E5B00BA926D /* startPageViewController.h */,
				2AE7779F1A2D4E5B00BA926D /* startPageViewController.m */,
				B62449661A7424D600FEE0D0 /* AppointmentViewController.h */,
				B62449671A7424D600FEE0D0 /* AppointmentViewController.m */,
				B624496C1A7427B100FEE0D0 /* DealershipViewController.h */,
				B624496D1A7427B100FEE0D0 /* DealershipViewController.m */,
				B673C87A1A294BFA00D3D55F /* Main.storyboard */,
				B64620CE1A2C432400523159 /* HomeViewController.h */,
				B64620CF1A2C432400523159 /* HomeViewController.m */,
				B65C7B201AB1763900B7F36A /* UrlViewController.h */,
				B65C7B211AB1763900B7F36A /* UrlViewController.m */,
				2AD87E651A871CCD00D7EFA0 /* SignUpViewController.h */,
				2AD87E661A871CCD00D7EFA0 /* SignUpViewController.m */,
				2AD87E681A871CEB00D7EFA0 /* SignInViewController.h */,
				2AD87E691A871CEB00D7EFA0 /* SignInViewController.m */,
				2AD87E621A82DFA500D7EFA0 /* AccountViewController.h */,
				2AD87E631A82DFA500D7EFA0 /* AccountViewController.m */,
				2ADE8E6F1AAE9589005F1EAE /* RoadsideViewController.h */,
				2ADE8E701AAE9589005F1EAE /* RoadsideViewController.m */,
				B624491C1A73821100FEE0D0 /* ShowroomViewController.h */,
				B624491D1A73821100FEE0D0 /* ShowroomViewController.m */,
				B686B1D41A8B0B2500928565 /* InventoryViewController.h */,
				B686B1D51A8B0B2500928565 /* InventoryViewController.m */,
				B6A048891A8C4D3B00C0F8D7 /* VehicleViewController.h */,
				B6A0488A1A8C4D3B00C0F8D7 /* VehicleViewController.m */,
				B624495C1A74047400FEE0D0 /* SpecialsViewController.h */,
				B624495D1A74047400FEE0D0 /* SpecialsViewController.m */,
				B61D6D821A775F0B0065DC4A /* ComingSoonViewController.h */,
				B61D6D831A775F0B0065DC4A /* ComingSoonViewController.m */,
				2A3160251A882EBE0014E19D /* SettingsViewController.h */,
				2A3160261A882EBE0014E19D /* SettingsViewController.m */,
				2AC9D0201A9C3567007E6228 /* WarrantyViewController.h */,
				2AC9D0211A9C3567007E6228 /* WarrantyViewController.m */,
				2AC9D0741AA5754F007E6228 /* VideoViewController.h */,
				2AC9D0751AA5754F007E6228 /* VideoViewController.m */,
				2ADE8E741AB28217005F1EAE /* YoutubeViewController.h */,
				2ADE8E751AB28217005F1EAE /* YoutubeViewController.m */,
				B6DA2F281A733874004D646E /* Common.h */,
				B6DA2F291A733874004D646E /* Common.m */,
				B62449631A740C1900FEE0D0 /* User.h */,
				B62449641A740C1900FEE0D0 /* User.m */,
				B673C87D1A294BFA00D3D55F /* Images.xcassets */,
				B673C87F1A294BFA00D3D55F /* LaunchScreen.xib */,
				B6DA2F241A71F6EA004D646E /* Cells */,
				B62449211A738C0200FEE0D0 /* Categories */,
				B62449251A7391C800FEE0D0 /* AFNetworking */,
				B62449421A7391D200FEE0D0 /* UIKit+AFNetworking */,
				B62A84581A2ECC1900B6A799 /* FlatUIKit */,
				B61CCC6F1AA2BCE900A24F45 /* ProgressHUD */,
				B62449721A74340D00FEE0D0 /* AddressAnnotation */,
				B61CCC3D1AA180AB00A24F45 /* ACSimpleKeychain */,
				B61CCC411AA181AF00A24F45 /* Appirater */,
				B69628441AA3E8C800DC7A50 /* VPImageCropper */,
				B61CCC8E1AA2BD3600A24F45 /* WSCoachMarks */,
				B673C8701A294BFA00D3D55F /* Supporting Files */,
				B61CCA5A1AA16EF900A24F45 /* Frameworks */,
			);
			path = "Mercedes-Benz of Columbus";
			sourceTree = "<group>";
		};
		B673C8701A294BFA00D3D55F /* Supporting Files */ = {
			isa = PBXGroup;
			children = (
				B673C8711A294BFA00D3D55F /* Info.plist */,
				B673C8721A294BFA00D3D55F /* main.m */,
			);
			name = "Supporting Files";
			sourceTree = "<group>";
		};
		B673C8891A294BFA00D3D55F /* Mercedes-Benz of ColumbusTests */ = {
			isa = PBXGroup;
			children = (
				B673C88C1A294BFA00D3D55F /* Mercedes_Benz_of_ColumbusTests.m */,
				B673C88A1A294BFA00D3D55F /* Supporting Files */,
			);
			path = "Mercedes-Benz of ColumbusTests";
			sourceTree = "<group>";
		};
		B673C88A1A294BFA00D3D55F /* Supporting Files */ = {
			isa = PBXGroup;
			children = (
				B673C88B1A294BFA00D3D55F /* Info.plist */,
			);
			name = "Supporting Files";
			sourceTree = "<group>";
		};
		B69628441AA3E8C800DC7A50 /* VPImageCropper */ = {
			isa = PBXGroup;
			children = (
				B69628451AA3E8C800DC7A50 /* VPImageCropperViewController.h */,
				B69628461AA3E8C800DC7A50 /* VPImageCropperViewController.m */,
			);
			path = VPImageCropper;
			sourceTree = "<group>";
		};
		B6DA2F241A71F6EA004D646E /* Cells */ = {
			isa = PBXGroup;
			children = (
				B6DA2F251A71F75D004D646E /* menuCell.h */,
				B6DA2F261A71F75D004D646E /* menuCell.m */,
				B6DA2F431A735927004D646E /* specialsCell.h */,
				B6DA2F441A735927004D646E /* specialsCell.m */,
				B62449191A737B2600FEE0D0 /* vehicleCell.h */,
				B624491A1A737B2600FEE0D0 /* vehicleCell.m */,
				2AC9D0261A9C3D20007E6228 /* videoCell.h */,
				2AC9D0271A9C3D21007E6228 /* videoCell.m */,
			);
			name = Cells;
			sourceTree = "<group>";
		};
/* End PBXGroup section */

/* Begin PBXNativeTarget section */
		B673C86C1A294BFA00D3D55F /* Mercedes-Benz of Columbus */ = {
			isa = PBXNativeTarget;
			buildConfigurationList = B673C8901A294BFA00D3D55F /* Build configuration list for PBXNativeTarget "Mercedes-Benz of Columbus" */;
			buildPhases = (
				B673C8691A294BFA00D3D55F /* Sources */,
				B673C86A1A294BFA00D3D55F /* Frameworks */,
				B673C86B1A294BFA00D3D55F /* Resources */,
				B61CCE961AA31B3A00A24F45 /* ShellScript */,
			);
			buildRules = (
			);
			dependencies = (
			);
			name = "Mercedes-Benz of Columbus";
			productName = "Mercedes-Benz of Columbus";
			productReference = B673C86D1A294BFA00D3D55F /* Mercedes-Benz of Columbus.app */;
			productType = "com.apple.product-type.application";
		};
		B673C8851A294BFA00D3D55F /* Mercedes-Benz of ColumbusTests */ = {
			isa = PBXNativeTarget;
			buildConfigurationList = B673C8931A294BFA00D3D55F /* Build configuration list for PBXNativeTarget "Mercedes-Benz of ColumbusTests" */;
			buildPhases = (
				B673C8821A294BFA00D3D55F /* Sources */,
				B673C8831A294BFA00D3D55F /* Frameworks */,
				B673C8841A294BFA00D3D55F /* Resources */,
			);
			buildRules = (
			);
			dependencies = (
				B673C8881A294BFA00D3D55F /* PBXTargetDependency */,
			);
			name = "Mercedes-Benz of ColumbusTests";
			productName = "Mercedes-Benz of ColumbusTests";
			productReference = B673C8861A294BFA00D3D55F /* Mercedes-Benz of ColumbusTests.xctest */;
			productType = "com.apple.product-type.bundle.unit-test";
		};
/* End PBXNativeTarget section */

/* Begin PBXProject section */
		B673C8651A294BFA00D3D55F /* Project object */ = {
			isa = PBXProject;
			attributes = {
				LastUpgradeCheck = 0610;
				ORGANIZATIONNAME = "Wave Link, LLC";
				TargetAttributes = {
					B673C86C1A294BFA00D3D55F = {
						CreatedOnToolsVersion = 6.1;
						DevelopmentTeam = HCQ2A438C7;
					};
					B673C8851A294BFA00D3D55F = {
						CreatedOnToolsVersion = 6.1;
						TestTargetID = B673C86C1A294BFA00D3D55F;
					};
				};
			};
			buildConfigurationList = B673C8681A294BFA00D3D55F /* Build configuration list for PBXProject "Mercedes-Benz of Columbus" */;
			compatibilityVersion = "Xcode 3.2";
			developmentRegion = English;
			hasScannedForEncodings = 0;
			knownRegions = (
				en,
				Base,
				he,
				ar,
				ca,
				cs,
				da,
				de,
				el,
				es,
				fi,
				fr,
				hu,
				id,
				it,
				ja,
				ko,
				ms,
				nb,
				nl,
				pl,
				"pt-BR",
				pt,
				ro,
				ru,
				sk,
				sv,
				th,
				tr,
				uk,
				vi,
				"zh-Hans",
				"zh-Hant",
			);
			mainGroup = B673C8641A294BFA00D3D55F;
			productRefGroup = B673C86E1A294BFA00D3D55F /* Products */;
			projectDirPath = "";
			projectRoot = "";
			targets = (
				B673C86C1A294BFA00D3D55F /* Mercedes-Benz of Columbus */,
				B673C8851A294BFA00D3D55F /* Mercedes-Benz of ColumbusTests */,
			);
		};
/* End PBXProject section */

/* Begin PBXResourcesBuildPhase section */
		B673C86B1A294BFA00D3D55F /* Resources */ = {
			isa = PBXResourcesBuildPhase;
			buildActionMask = 2147483647;
			files = (
				2AC9D0111A9A7C7D007E6228 /* inside_blur.jpg in Resources */,
				B6A0489D1A8C842C00C0F8D7 /* night-road-blurry.png in Resources */,
				B646211E1A2DA9AA00523159 /* facebook-login.png in Resources */,
				B6A6C8C21A8CA21300C2802A /* dealership.png in Resources */,
				B6DA2F3E1A735579004D646E /* service.png in Resources */,
				B6A0489F1A8C8B8A00C0F8D7 /* backgroundD.png in Resources */,
				B6DA2F3A1A735515004D646E /* account.png in Resources */,
				2ADE8E6E1AAE936F005F1EAE /* flag.jpg in Resources */,
				B61CCE9C1AA31B7800A24F45 /* TwitterKitResources.bundle in Resources */,
				B6DA2F361A7354C2004D646E /* warranty.png in Resources */,
				2AC9D0121A9A7C7D007E6228 /* lights_blur.jpg in Resources */,
				B686B1D31A8AF4C300928565 /* engine_start_button.png in Resources */,
				B62449791A74600A00FEE0D0 /* wavelink.png in Resources */,
				B6A048991A8C818700C0F8D7 /* backgroundC.png in Resources */,
				B65C7B1F1AB12DA900B7F36A /* ProgressHUD.bundle in Resources */,
				B6A048A71A8C9CAE00C0F8D7 /* no-vehicle-image.png in Resources */,
				B62449871A7473EB00FEE0D0 /* payment.png in Resources */,
				B673C87C1A294BFA00D3D55F /* Main.storyboard in Resources */,
				B64620DD1A2C4EF700523159 /* launch.jpg in Resources */,
				B62A84571A2EC68200B6A799 /* 2015-cls-class.jpg in Resources */,
				B64620D31A2C479000523159 /* logo-tagline-white.png in Resources */,
				B61D6D861A7773010065DC4A /* unchecked.png in Resources */,
				2AE777A81A2D4EC200BA926D /* image.jpg in Resources */,
				B61D6D8A1A7773220065DC4A /* checked.png in Resources */,
				2AE777A91A2D4EC200BA926D /* logo.jpg in Resources */,
				B62449201A738A9D00FEE0D0 /* showroom.png in Resources */,
				B64620E11A2C5B1700523159 /* nav.png in Resources */,
				2AC9D0191A9A8ADE007E6228 /* g_class_blur.png in Resources */,
				B62A84561A2EC68200B6A799 /* winter-event.jpg in Resources */,
				B624497D1A7465D900FEE0D0 /* wavelink-grayscale.png in Resources */,
				B6DA2F3C1A73555A004D646E /* contact.png in Resources */,
				2ADE8E731AAE9932005F1EAE /* thumb.png in Resources */,
				2AE777AB1A2D4EC200BA926D /* startBG.png in Resources */,
				B624497B1A7464E000FEE0D0 /* wavelink-white.png in Resources */,
				B686B1DA1A8B440800928565 /* empty.png in Resources */,
				2A31602F1A8C525E0014E19D /* share.png in Resources */,
				B62449831A74736A00FEE0D0 /* specials.png in Resources */,
				B65C7B241AB299C400B7F36A /* facebook.png in Resources */,
				B6A048951A8C810500C0F8D7 /* backgroundA.png in Resources */,
				B62449891A7475F100FEE0D0 /* phone.png in Resources */,
				B6A0488D1A8C6AD000C0F8D7 /* text-veil.png in Resources */,
				B624498B1A7479F400FEE0D0 /* email.png in Resources */,
				B6A048971A8C811800C0F8D7 /* backgroundB.png in Resources */,
				B64621221A2DB12F00523159 /* montage.png in Resources */,
				2AC9D0181A9A8ADE007E6228 /* blend_blur.jpg in Resources */,
				2AC9D0131A9A7C7D007E6228 /* mercedes_lights.jpg in Resources */,
				B6A048AB1A8C9F4C00C0F8D7 /* parts.png in Resources */,
				B64620E31A2C5C4B00523159 /* pre-owned-special.jpeg in Resources */,
				B6DA2F401A7355BC004D646E /* appointment.png in Resources */,
				2AC9D07E1AA57ADC007E6228 /* gray-video.png in Resources */,
				2AC9D0781AA57911007E6228 /* video.png in Resources */,
				B65C7B261AB299C900B7F36A /* twitter.png in Resources */,
				B6A048A91A8C9F4600C0F8D7 /* roadside.png in Resources */,
				B673C8811A294BFA00D3D55F /* LaunchScreen.xib in Resources */,
				2AE777AA1A2D4EC200BA926D /* MercedesLogo.png in Resources */,
				B62A84531A2EBAD000B6A799 /* montage2.png in Resources */,
				B673C87E1A294BFA00D3D55F /* Images.xcassets in Resources */,
				2A3160291A8C4E470014E19D /* arrow.png in Resources */,
				B61CCC671AA181AF00A24F45 /* AppiraterLocalizable.strings in Resources */,
				B64621201A2DA9AD00523159 /* google-login.png in Resources */,
				2AC9D0151A9A8259007E6228 /* car.png in Resources */,
			);
			runOnlyForDeploymentPostprocessing = 0;
		};
		B673C8841A294BFA00D3D55F /* Resources */ = {
			isa = PBXResourcesBuildPhase;
			buildActionMask = 2147483647;
			files = (
			);
			runOnlyForDeploymentPostprocessing = 0;
		};
/* End PBXResourcesBuildPhase section */

/* Begin PBXShellScriptBuildPhase section */
		B61CCE961AA31B3A00A24F45 /* ShellScript */ = {
			isa = PBXShellScriptBuildPhase;
			buildActionMask = 2147483647;
			files = (
			);
			inputPaths = (
			);
			outputPaths = (
			);
			runOnlyForDeploymentPostprocessing = 0;
			shellPath = /bin/sh;
			shellScript = "./Fabric.framework/run fc4bea66669eab675a49481b279964733cad3193 7840fcadac711bbde5060da608aa7d350d4c35bd0b531351030032231aad2519";
		};
/* End PBXShellScriptBuildPhase section */

/* Begin PBXSourcesBuildPhase section */
		B673C8691A294BFA00D3D55F /* Sources */ = {
			isa = PBXSourcesBuildPhase;
			buildActionMask = 2147483647;
			files = (
				B62449591A7391D200FEE0D0 /* UIProgressView+AFNetworking.m in Sources */,
				B61CCC401AA180AB00A24F45 /* ACSimpleKeychain.m in Sources */,
				B62449681A7424D600FEE0D0 /* AppointmentViewController.m in Sources */,
				2AC9D0761AA5754F007E6228 /* VideoViewController.m in Sources */,
				B686B1D61A8B0B2500928565 /* InventoryViewController.m in Sources */,
				B624495A1A7391D200FEE0D0 /* UIRefreshControl+AFNetworking.m in Sources */,
				B624495B1A7391D200FEE0D0 /* UIWebView+AFNetworking.m in Sources */,
				B6DA2F451A735927004D646E /* specialsCell.m in Sources */,
				B673C8761A294BFA00D3D55F /* AppDelegate.m in Sources */,
				B69628431AA3CFC100DC7A50 /* UIImage+FlatUI.m in Sources */,
				B624493A1A7391C800FEE0D0 /* AFHTTPRequestOperationManager.m in Sources */,
				B6DA2F2A1A733874004D646E /* Common.m in Sources */,
				2AD87E6A1A871CEB00D7EFA0 /* SignInViewController.m in Sources */,
				B624493E1A7391C800FEE0D0 /* AFURLConnectionOperation.m in Sources */,
				2AD87E641A82DFA500D7EFA0 /* AccountViewController.m in Sources */,
				B61CCC911AA2BD6200A24F45 /* WSCoachMarksView.m in Sources */,
				B65C7B221AB1763900B7F36A /* UrlViewController.m in Sources */,
				2A3160271A882EBE0014E19D /* SettingsViewController.m in Sources */,
				2ADE8E711AAE9589005F1EAE /* RoadsideViewController.m in Sources */,
				B62A845B1A2ECC4100B6A799 /* UIColor+FlatUI.m in Sources */,
				B62449551A7391D200FEE0D0 /* UIActivityIndicatorView+AFNetworking.m in Sources */,
				B62449241A738CE200FEE0D0 /* UIColor+Custom.m in Sources */,
				B69628401AA3CB3500DC7A50 /* FUIButton.m in Sources */,
				B624493F1A7391C800FEE0D0 /* AFURLRequestSerialization.m in Sources */,
				B624493B1A7391C800FEE0D0 /* AFHTTPSessionManager.m in Sources */,
				B62449391A7391C800FEE0D0 /* AFHTTPRequestOperation.m in Sources */,
				B61CCC8A1AA2BCE900A24F45 /* ProgressHUD.m in Sources */,
				B673C8731A294BFA00D3D55F /* main.m in Sources */,
				2AC9D0221A9C3567007E6228 /* WarrantyViewController.m in Sources */,
				B62449541A7391D200FEE0D0 /* AFNetworkActivityIndicatorManager.m in Sources */,
				2ADE8E761AB28217005F1EAE /* YoutubeViewController.m in Sources */,
				B62449651A740C1900FEE0D0 /* User.m in Sources */,
				B624493D1A7391C800FEE0D0 /* AFSecurityPolicy.m in Sources */,
				B62449751A74343600FEE0D0 /* AddressAnnotation.m in Sources */,
				2AE777A01A2D4E5B00BA926D /* startPageViewController.m in Sources */,
				B62449581A7391D200FEE0D0 /* UIImageView+AFNetworking.m in Sources */,
				B61D6D841A775F0B0065DC4A /* ComingSoonViewController.m in Sources */,
				B624495E1A74047400FEE0D0 /* SpecialsViewController.m in Sources */,
				B624493C1A7391C800FEE0D0 /* AFNetworkReachabilityManager.m in Sources */,
				2AD87E671A871CCD00D7EFA0 /* SignUpViewController.m in Sources */,
				2AC9D0281A9C3D21007E6228 /* videoCell.m in Sources */,
				B62449411A7391C800FEE0D0 /* AFURLSessionManager.m in Sources */,
				B624491B1A737B2600FEE0D0 /* vehicleCell.m in Sources */,
				B62449561A7391D200FEE0D0 /* UIAlertView+AFNetworking.m in Sources */,
				B6A0488B1A8C4D3B00C0F8D7 /* VehicleViewController.m in Sources */,
				B624491E1A73821100FEE0D0 /* ShowroomViewController.m in Sources */,
				B6DA2F271A71F75D004D646E /* menuCell.m in Sources */,
				B61CCC661AA181AF00A24F45 /* Appirater.m in Sources */,
				B62449401A7391C800FEE0D0 /* AFURLResponseSerialization.m in Sources */,
				B69628471AA3E8C800DC7A50 /* VPImageCropperViewController.m in Sources */,
				B62449571A7391D200FEE0D0 /* UIButton+AFNetworking.m in Sources */,
				B624496E1A7427B100FEE0D0 /* DealershipViewController.m in Sources */,
				B64620D01A2C432400523159 /* HomeViewController.m in Sources */,
			);
			runOnlyForDeploymentPostprocessing = 0;
		};
		B673C8821A294BFA00D3D55F /* Sources */ = {
			isa = PBXSourcesBuildPhase;
			buildActionMask = 2147483647;
			files = (
				B673C88D1A294BFA00D3D55F /* Mercedes_Benz_of_ColumbusTests.m in Sources */,
			);
			runOnlyForDeploymentPostprocessing = 0;
		};
/* End PBXSourcesBuildPhase section */

/* Begin PBXTargetDependency section */
		B673C8881A294BFA00D3D55F /* PBXTargetDependency */ = {
			isa = PBXTargetDependency;
			target = B673C86C1A294BFA00D3D55F /* Mercedes-Benz of Columbus */;
			targetProxy = B673C8871A294BFA00D3D55F /* PBXContainerItemProxy */;
		};
/* End PBXTargetDependency section */

/* Begin PBXVariantGroup section */
		B61CCC451AA181AF00A24F45 /* AppiraterLocalizable.strings */ = {
			isa = PBXVariantGroup;
			children = (
				B61CCC461AA181AF00A24F45 /* ar */,
				B61CCC471AA181AF00A24F45 /* ca */,
				B61CCC481AA181AF00A24F45 /* cs */,
				B61CCC491AA181AF00A24F45 /* da */,
				B61CCC4A1AA181AF00A24F45 /* de */,
				B61CCC4B1AA181AF00A24F45 /* el */,
				B61CCC4C1AA181AF00A24F45 /* en */,
				B61CCC4D1AA181AF00A24F45 /* es */,
				B61CCC4E1AA181AF00A24F45 /* fi */,
				B61CCC4F1AA181AF00A24F45 /* fr */,
				B61CCC501AA181AF00A24F45 /* he */,
				B61CCC511AA181AF00A24F45 /* hu */,
				B61CCC521AA181AF00A24F45 /* id */,
				B61CCC531AA181AF00A24F45 /* it */,
				B61CCC541AA181AF00A24F45 /* ja */,
				B61CCC551AA181AF00A24F45 /* ko */,
				B61CCC561AA181AF00A24F45 /* ms */,
				B61CCC571AA181AF00A24F45 /* nb */,
				B61CCC581AA181AF00A24F45 /* nl */,
				B61CCC591AA181AF00A24F45 /* pl */,
				B61CCC5A1AA181AF00A24F45 /* pt-BR */,
				B61CCC5B1AA181AF00A24F45 /* pt */,
				B61CCC5C1AA181AF00A24F45 /* ro */,
				B61CCC5D1AA181AF00A24F45 /* ru */,
				B61CCC5E1AA181AF00A24F45 /* sk */,
				B61CCC5F1AA181AF00A24F45 /* sv */,
				B61CCC601AA181AF00A24F45 /* th */,
				B61CCC611AA181AF00A24F45 /* tr */,
				B61CCC621AA181AF00A24F45 /* uk */,
				B61CCC631AA181AF00A24F45 /* vi */,
				B61CCC641AA181AF00A24F45 /* zh-Hans */,
				B61CCC651AA181AF00A24F45 /* zh-Hant */,
			);
			name = AppiraterLocalizable.strings;
			sourceTree = "<group>";
		};
		B673C87A1A294BFA00D3D55F /* Main.storyboard */ = {
			isa = PBXVariantGroup;
			children = (
				B673C87B1A294BFA00D3D55F /* Base */,
			);
			name = Main.storyboard;
			sourceTree = "<group>";
		};
		B673C87F1A294BFA00D3D55F /* LaunchScreen.xib */ = {
			isa = PBXVariantGroup;
			children = (
				B673C8801A294BFA00D3D55F /* Base */,
			);
			name = LaunchScreen.xib;
			sourceTree = "<group>";
		};
/* End PBXVariantGroup section */

/* Begin XCBuildConfiguration section */
		B673C88E1A294BFA00D3D55F /* Debug */ = {
			isa = XCBuildConfiguration;
			buildSettings = {
				ALWAYS_SEARCH_USER_PATHS = NO;
				CLANG_CXX_LANGUAGE_STANDARD = "gnu++0x";
				CLANG_CXX_LIBRARY = "libc++";
				CLANG_ENABLE_MODULES = YES;
				CLANG_ENABLE_OBJC_ARC = YES;
				CLANG_WARN_BOOL_CONVERSION = YES;
				CLANG_WARN_CONSTANT_CONVERSION = YES;
				CLANG_WARN_DIRECT_OBJC_ISA_USAGE = YES_ERROR;
				CLANG_WARN_EMPTY_BODY = YES;
				CLANG_WARN_ENUM_CONVERSION = YES;
				CLANG_WARN_INT_CONVERSION = YES;
				CLANG_WARN_OBJC_ROOT_CLASS = YES_ERROR;
				CLANG_WARN_UNREACHABLE_CODE = YES;
				CLANG_WARN__DUPLICATE_METHOD_MATCH = YES;
				"CODE_SIGN_IDENTITY[sdk=iphoneos*]" = "iPhone Developer";
				COPY_PHASE_STRIP = NO;
				ENABLE_STRICT_OBJC_MSGSEND = YES;
				GCC_C_LANGUAGE_STANDARD = gnu99;
				GCC_DYNAMIC_NO_PIC = NO;
				GCC_OPTIMIZATION_LEVEL = 0;
				GCC_PREPROCESSOR_DEFINITIONS = (
					"DEBUG=1",
					"$(inherited)",
				);
				GCC_SYMBOLS_PRIVATE_EXTERN = NO;
				GCC_WARN_64_TO_32_BIT_CONVERSION = YES;
				GCC_WARN_ABOUT_RETURN_TYPE = YES_ERROR;
				GCC_WARN_UNDECLARED_SELECTOR = YES;
				GCC_WARN_UNINITIALIZED_AUTOS = YES_AGGRESSIVE;
				GCC_WARN_UNUSED_FUNCTION = YES;
				GCC_WARN_UNUSED_VARIABLE = YES;
				IPHONEOS_DEPLOYMENT_TARGET = 8.1;
				MTL_ENABLE_DEBUG_INFO = YES;
				ONLY_ACTIVE_ARCH = YES;
				SDKROOT = iphoneos;
				TARGETED_DEVICE_FAMILY = "1,2";
			};
			name = Debug;
		};
		B673C88F1A294BFA00D3D55F /* Release */ = {
			isa = XCBuildConfiguration;
			buildSettings = {
				ALWAYS_SEARCH_USER_PATHS = NO;
				CLANG_CXX_LANGUAGE_STANDARD = "gnu++0x";
				CLANG_CXX_LIBRARY = "libc++";
				CLANG_ENABLE_MODULES = YES;
				CLANG_ENABLE_OBJC_ARC = YES;
				CLANG_WARN_BOOL_CONVERSION = YES;
				CLANG_WARN_CONSTANT_CONVERSION = YES;
				CLANG_WARN_DIRECT_OBJC_ISA_USAGE = YES_ERROR;
				CLANG_WARN_EMPTY_BODY = YES;
				CLANG_WARN_ENUM_CONVERSION = YES;
				CLANG_WARN_INT_CONVERSION = YES;
				CLANG_WARN_OBJC_ROOT_CLASS = YES_ERROR;
				CLANG_WARN_UNREACHABLE_CODE = YES;
				CLANG_WARN__DUPLICATE_METHOD_MATCH = YES;
				"CODE_SIGN_IDENTITY[sdk=iphoneos*]" = "iPhone Developer";
				COPY_PHASE_STRIP = YES;
				ENABLE_NS_ASSERTIONS = NO;
				ENABLE_STRICT_OBJC_MSGSEND = YES;
				GCC_C_LANGUAGE_STANDARD = gnu99;
				GCC_WARN_64_TO_32_BIT_CONVERSION = YES;
				GCC_WARN_ABOUT_RETURN_TYPE = YES_ERROR;
				GCC_WARN_UNDECLARED_SELECTOR = YES;
				GCC_WARN_UNINITIALIZED_AUTOS = YES_AGGRESSIVE;
				GCC_WARN_UNUSED_FUNCTION = YES;
				GCC_WARN_UNUSED_VARIABLE = YES;
				IPHONEOS_DEPLOYMENT_TARGET = 8.1;
				MTL_ENABLE_DEBUG_INFO = NO;
				SDKROOT = iphoneos;
				TARGETED_DEVICE_FAMILY = "1,2";
				VALIDATE_PRODUCT = YES;
			};
			name = Release;
		};
		B673C8911A294BFA00D3D55F /* Debug */ = {
			isa = XCBuildConfiguration;
			buildSettings = {
				ASSETCATALOG_COMPILER_APPICON_NAME = AppIcon;
				CODE_SIGN_IDENTITY = "iPhone Developer";
				FRAMEWORK_SEARCH_PATHS = (
					"$(inherited)",
					"$(PROJECT_DIR)",
				);
				INFOPLIST_FILE = "Mercedes-Benz of Columbus/Info.plist";
				IPHONEOS_DEPLOYMENT_TARGET = 8.0;
				LD_RUNPATH_SEARCH_PATHS = "$(inherited) @executable_path/Frameworks";
				PRODUCT_NAME = "$(TARGET_NAME)";
			};
			name = Debug;
		};
		B673C8921A294BFA00D3D55F /* Release */ = {
			isa = XCBuildConfiguration;
			buildSettings = {
				ASSETCATALOG_COMPILER_APPICON_NAME = AppIcon;
				CODE_SIGN_IDENTITY = "iPhone Developer";
				FRAMEWORK_SEARCH_PATHS = (
					"$(inherited)",
					"$(PROJECT_DIR)",
				);
				INFOPLIST_FILE = "Mercedes-Benz of Columbus/Info.plist";
				IPHONEOS_DEPLOYMENT_TARGET = 8.0;
				LD_RUNPATH_SEARCH_PATHS = "$(inherited) @executable_path/Frameworks";
				PRODUCT_NAME = "$(TARGET_NAME)";
			};
			name = Release;
		};
		B673C8941A294BFA00D3D55F /* Debug */ = {
			isa = XCBuildConfiguration;
			buildSettings = {
				BUNDLE_LOADER = "$(TEST_HOST)";
				FRAMEWORK_SEARCH_PATHS = (
					"$(SDKROOT)/Developer/Library/Frameworks",
					"$(inherited)",
				);
				GCC_PREPROCESSOR_DEFINITIONS = (
					"DEBUG=1",
					"$(inherited)",
				);
				INFOPLIST_FILE = "Mercedes-Benz of ColumbusTests/Info.plist";
				LD_RUNPATH_SEARCH_PATHS = "$(inherited) @executable_path/Frameworks @loader_path/Frameworks";
				PRODUCT_NAME = "$(TARGET_NAME)";
				TEST_HOST = "$(BUILT_PRODUCTS_DIR)/Mercedes-Benz of Columbus.app/Mercedes-Benz of Columbus";
			};
			name = Debug;
		};
		B673C8951A294BFA00D3D55F /* Release */ = {
			isa = XCBuildConfiguration;
			buildSettings = {
				BUNDLE_LOADER = "$(TEST_HOST)";
				FRAMEWORK_SEARCH_PATHS = (
					"$(SDKROOT)/Developer/Library/Frameworks",
					"$(inherited)",
				);
				INFOPLIST_FILE = "Mercedes-Benz of ColumbusTests/Info.plist";
				LD_RUNPATH_SEARCH_PATHS = "$(inherited) @executable_path/Frameworks @loader_path/Frameworks";
				PRODUCT_NAME = "$(TARGET_NAME)";
				TEST_HOST = "$(BUILT_PRODUCTS_DIR)/Mercedes-Benz of Columbus.app/Mercedes-Benz of Columbus";
			};
			name = Release;
		};
/* End XCBuildConfiguration section */

/* Begin XCConfigurationList section */
		B673C8681A294BFA00D3D55F /* Build configuration list for PBXProject "Mercedes-Benz of Columbus" */ = {
			isa = XCConfigurationList;
			buildConfigurations = (
				B673C88E1A294BFA00D3D55F /* Debug */,
				B673C88F1A294BFA00D3D55F /* Release */,
			);
			defaultConfigurationIsVisible = 0;
			defaultConfigurationName = Release;
		};
		B673C8901A294BFA00D3D55F /* Build configuration list for PBXNativeTarget "Mercedes-Benz of Columbus" */ = {
			isa = XCConfigurationList;
			buildConfigurations = (
				B673C8911A294BFA00D3D55F /* Debug */,
				B673C8921A294BFA00D3D55F /* Release */,
			);
			defaultConfigurationIsVisible = 0;
			defaultConfigurationName = Release;
		};
		B673C8931A294BFA00D3D55F /* Build configuration list for PBXNativeTarget "Mercedes-Benz of ColumbusTests" */ = {
			isa = XCConfigurationList;
			buildConfigurations = (
				B673C8941A294BFA00D3D55F /* Debug */,
				B673C8951A294BFA00D3D55F /* Release */,
			);
			defaultConfigurationIsVisible = 0;
			defaultConfigurationName = Release;
		};
/* End XCConfigurationList section */
	};
	rootObject = B673C8651A294BFA00D3D55F /* Project object */;
}
